// !$*UTF8*$!
{
	archiveVersion = 1;
	classes = {
	};
	objectVersion = 50;
	objects = {

/* Begin PBXBuildFile section */
		1F2F17422187C31000A00D60 /* PANetworkService.m in Sources */ = {isa = PBXBuildFile; fileRef = 1F2F17412187C31000A00D60 /* PANetworkService.m */; };
		1F2F17452187C33E00A00D60 /* PANetworkRequest.m in Sources */ = {isa = PBXBuildFile; fileRef = 1F2F17442187C33E00A00D60 /* PANetworkRequest.m */; };
		1F5C2A182188E5D800C2362C /* PAPhoto.m in Sources */ = {isa = PBXBuildFile; fileRef = 1F5C2A172188E5D800C2362C /* PAPhoto.m */; };
		1F5C2A202188E93500C2362C /* PAImageLoader.m in Sources */ = {isa = PBXBuildFile; fileRef = 1F5C2A1F2188E93500C2362C /* PAImageLoader.m */; };
		1F5C2A2321891A6E00C2362C /* PAListItemViewModel.m in Sources */ = {isa = PBXBuildFile; fileRef = 1F5C2A2221891A6E00C2362C /* PAListItemViewModel.m */; };
		1F73D7472195C95800A53A1F /* PATitleCollectionSupplementaryView.m in Sources */ = {isa = PBXBuildFile; fileRef = 1F73D7462195C95800A53A1F /* PATitleCollectionSupplementaryView.m */; };
		1FB2A639218642E700F6C91A /* PAListViewController.m in Sources */ = {isa = PBXBuildFile; fileRef = 1FB2A629218642E600F6C91A /* PAListViewController.m */; };
		1FB2A63A218642E700F6C91A /* UIView+WLLayout.m in Sources */ = {isa = PBXBuildFile; fileRef = 1FB2A62B218642E600F6C91A /* UIView+WLLayout.m */; };
		1FB2A63B218642E700F6C91A /* UIImage+PAColor.m in Sources */ = {isa = PBXBuildFile; fileRef = 1FB2A62D218642E600F6C91A /* UIImage+PAColor.m */; };
		1FB2A63C218642E700F6C91A /* PAListViewModel.m in Sources */ = {isa = PBXBuildFile; fileRef = 1FB2A62F218642E600F6C91A /* PAListViewModel.m */; };
		1FB2A63D218642E700F6C91A /* PAListViewController.xib in Resources */ = {isa = PBXBuildFile; fileRef = 1FB2A630218642E600F6C91A /* PAListViewController.xib */; };
		1FB2A63E218642E700F6C91A /* PADetailViewController.m in Sources */ = {isa = PBXBuildFile; fileRef = 1FB2A631218642E600F6C91A /* PADetailViewController.m */; };
		1FB2A63F218642E700F6C91A /* PADetailViewController.xib in Resources */ = {isa = PBXBuildFile; fileRef = 1FB2A637218642E600F6C91A /* PADetailViewController.xib */; };
		1FB2A640218642E700F6C91A /* PAImageCollectionViewCell.m in Sources */ = {isa = PBXBuildFile; fileRef = 1FB2A638218642E600F6C91A /* PAImageCollectionViewCell.m */; };
		1FC9E31B21883CF400119336 /* PAPhotoListReqeust.m in Sources */ = {isa = PBXBuildFile; fileRef = 1FC9E31A21883CF400119336 /* PAPhotoListReqeust.m */; };
		1FC9E31E21883D0500119336 /* PAImageRequest.m in Sources */ = {isa = PBXBuildFile; fileRef = 1FC9E31D21883D0500119336 /* PAImageRequest.m */; };
		1FD7EC02218485BD00EE4F80 /* PAAppEngine.m in Sources */ = {isa = PBXBuildFile; fileRef = 1FD7EC01218485BD00EE4F80 /* PAAppEngine.m */; };
		1FEC76292181D727008529DE /* PAAppDelegate.m in Sources */ = {isa = PBXBuildFile; fileRef = 1FEC76282181D727008529DE /* PAAppDelegate.m */; };
		1FEC76312181D728008529DE /* Assets.xcassets in Resources */ = {isa = PBXBuildFile; fileRef = 1FEC76302181D728008529DE /* Assets.xcassets */; };
		1FEC76342181D728008529DE /* LaunchScreen.storyboard in Resources */ = {isa = PBXBuildFile; fileRef = 1FEC76322181D728008529DE /* LaunchScreen.storyboard */; };
		1FEC76372181D728008529DE /* main.m in Sources */ = {isa = PBXBuildFile; fileRef = 1FEC76362181D728008529DE /* main.m */; };
		1FEC765D2181D7D2008529DE /* FBSnapshotTestCase.framework in Frameworks */ = {isa = PBXBuildFile; fileRef = 1FEC76532181D7B8008529DE /* FBSnapshotTestCase.framework */; };
		1FEC76642181E60C008529DE /* PAListViewControllerTests.m in Sources */ = {isa = PBXBuildFile; fileRef = 1FEC76632181E60C008529DE /* PAListViewControllerTests.m */; };
/* End PBXBuildFile section */

/* Begin PBXContainerItemProxy section */
		1FEC763D2181D728008529DE /* PBXContainerItemProxy */ = {
			isa = PBXContainerItemProxy;
			containerPortal = 1FEC761C2181D727008529DE /* Project object */;
			proxyType = 1;
			remoteGlobalIDString = 1FEC76232181D727008529DE;
			remoteInfo = PhotoApp2;
		};
		1FEC76522181D7B8008529DE /* PBXContainerItemProxy */ = {
			isa = PBXContainerItemProxy;
			containerPortal = 1FEC764B2181D7B8008529DE /* FBSnapshotTestCase.xcodeproj */;
			proxyType = 2;
			remoteGlobalIDString = B31987F01AB782D000B0A900;
			remoteInfo = "FBSnapshotTestCase iOS";
		};
		1FEC76542181D7B8008529DE /* PBXContainerItemProxy */ = {
			isa = PBXContainerItemProxy;
			containerPortal = 1FEC764B2181D7B8008529DE /* FBSnapshotTestCase.xcodeproj */;
			proxyType = 2;
			remoteGlobalIDString = B31987FB1AB782D100B0A900;
			remoteInfo = "FBSnapshotTestCase iOS Tests";
		};
		1FEC76562181D7B8008529DE /* PBXContainerItemProxy */ = {
			isa = PBXContainerItemProxy;
			containerPortal = 1FEC764B2181D7B8008529DE /* FBSnapshotTestCase.xcodeproj */;
			proxyType = 2;
			remoteGlobalIDString = 8271377A1C63AB6F00354E42;
			remoteInfo = "FBSnapshotTestCase tvOS";
		};
		1FEC76582181D7B8008529DE /* PBXContainerItemProxy */ = {
			isa = PBXContainerItemProxy;
			containerPortal = 1FEC764B2181D7B8008529DE /* FBSnapshotTestCase.xcodeproj */;
			proxyType = 2;
			remoteGlobalIDString = 827137831C63AB7000354E42;
			remoteInfo = "FBSnapshotTestCase tvOS Tests";
		};
		1FEC765A2181D7C8008529DE /* PBXContainerItemProxy */ = {
			isa = PBXContainerItemProxy;
			containerPortal = 1FEC764B2181D7B8008529DE /* FBSnapshotTestCase.xcodeproj */;
			proxyType = 1;
			remoteGlobalIDString = B31987EF1AB782D000B0A900;
			remoteInfo = "FBSnapshotTestCase iOS";
		};
/* End PBXContainerItemProxy section */

/* Begin PBXFileReference section */
		1F2F17402187C31000A00D60 /* PANetworkService.h */ = {isa = PBXFileReference; lastKnownFileType = sourcecode.c.h; path = PANetworkService.h; sourceTree = "<group>"; };
		1F2F17412187C31000A00D60 /* PANetworkService.m */ = {isa = PBXFileReference; lastKnownFileType = sourcecode.c.objc; path = PANetworkService.m; sourceTree = "<group>"; };
		1F2F17432187C33E00A00D60 /* PANetworkRequest.h */ = {isa = PBXFileReference; lastKnownFileType = sourcecode.c.h; path = PANetworkRequest.h; sourceTree = "<group>"; };
		1F2F17442187C33E00A00D60 /* PANetworkRequest.m */ = {isa = PBXFileReference; lastKnownFileType = sourcecode.c.objc; path = PANetworkRequest.m; sourceTree = "<group>"; };
		1F5C2A162188E5D800C2362C /* PAPhoto.h */ = {isa = PBXFileReference; lastKnownFileType = sourcecode.c.h; path = PAPhoto.h; sourceTree = "<group>"; };
		1F5C2A172188E5D800C2362C /* PAPhoto.m */ = {isa = PBXFileReference; lastKnownFileType = sourcecode.c.objc; path = PAPhoto.m; sourceTree = "<group>"; };
		1F5C2A1E2188E93500C2362C /* PAImageLoader.h */ = {isa = PBXFileReference; lastKnownFileType = sourcecode.c.h; path = PAImageLoader.h; sourceTree = "<group>"; };
		1F5C2A1F2188E93500C2362C /* PAImageLoader.m */ = {isa = PBXFileReference; lastKnownFileType = sourcecode.c.objc; path = PAImageLoader.m; sourceTree = "<group>"; };
		1F5C2A2121891A6E00C2362C /* PAListItemViewModel.h */ = {isa = PBXFileReference; lastKnownFileType = sourcecode.c.h; path = PAListItemViewModel.h; sourceTree = "<group>"; };
		1F5C2A2221891A6E00C2362C /* PAListItemViewModel.m */ = {isa = PBXFileReference; lastKnownFileType = sourcecode.c.objc; path = PAListItemViewModel.m; sourceTree = "<group>"; };
		1F73D7452195C95800A53A1F /* PATitleCollectionSupplementaryView.h */ = {isa = PBXFileReference; lastKnownFileType = sourcecode.c.h; path = PATitleCollectionSupplementaryView.h; sourceTree = "<group>"; };
		1F73D7462195C95800A53A1F /* PATitleCollectionSupplementaryView.m */ = {isa = PBXFileReference; lastKnownFileType = sourcecode.c.objc; path = PATitleCollectionSupplementaryView.m; sourceTree = "<group>"; };
		1FB2A629218642E600F6C91A /* PAListViewController.m */ = {isa = PBXFileReference; fileEncoding = 4; lastKnownFileType = sourcecode.c.objc; path = PAListViewController.m; sourceTree = "<group>"; };
		1FB2A62A218642E600F6C91A /* UIImage+PAColor.h */ = {isa = PBXFileReference; fileEncoding = 4; lastKnownFileType = sourcecode.c.h; path = "UIImage+PAColor.h"; sourceTree = "<group>"; };
		1FB2A62B218642E600F6C91A /* UIView+WLLayout.m */ = {isa = PBXFileReference; fileEncoding = 4; lastKnownFileType = sourcecode.c.objc; path = "UIView+WLLayout.m"; sourceTree = "<group>"; };
		1FB2A62D218642E600F6C91A /* UIImage+PAColor.m */ = {isa = PBXFileReference; fileEncoding = 4; lastKnownFileType = sourcecode.c.objc; path = "UIImage+PAColor.m"; sourceTree = "<group>"; };
		1FB2A62E218642E600F6C91A /* PADetailViewController.h */ = {isa = PBXFileReference; fileEncoding = 4; lastKnownFileType = sourcecode.c.h; path = PADetailViewController.h; sourceTree = "<group>"; };
		1FB2A62F218642E600F6C91A /* PAListViewModel.m */ = {isa = PBXFileReference; fileEncoding = 4; lastKnownFileType = sourcecode.c.objc; path = PAListViewModel.m; sourceTree = "<group>"; };
		1FB2A630218642E600F6C91A /* PAListViewController.xib */ = {isa = PBXFileReference; fileEncoding = 4; lastKnownFileType = file.xib; path = PAListViewController.xib; sourceTree = "<group>"; };
		1FB2A631218642E600F6C91A /* PADetailViewController.m */ = {isa = PBXFileReference; fileEncoding = 4; lastKnownFileType = sourcecode.c.objc; path = PADetailViewController.m; sourceTree = "<group>"; };
		1FB2A632218642E600F6C91A /* PAListViewController.h */ = {isa = PBXFileReference; fileEncoding = 4; lastKnownFileType = sourcecode.c.h; path = PAListViewController.h; sourceTree = "<group>"; };
		1FB2A633218642E600F6C91A /* PAListViewControllerDelegate.h */ = {isa = PBXFileReference; fileEncoding = 4; lastKnownFileType = sourcecode.c.h; path = PAListViewControllerDelegate.h; sourceTree = "<group>"; };
		1FB2A634218642E600F6C91A /* UIView+WLLayoutt.h */ = {isa = PBXFileReference; fileEncoding = 4; lastKnownFileType = sourcecode.c.h; path = "UIView+WLLayoutt.h"; sourceTree = "<group>"; };
		1FB2A635218642E600F6C91A /* PAImageCollectionViewCell.h */ = {isa = PBXFileReference; fileEncoding = 4; lastKnownFileType = sourcecode.c.h; path = PAImageCollectionViewCell.h; sourceTree = "<group>"; };
		1FB2A636218642E600F6C91A /* PAListViewModel.h */ = {isa = PBXFileReference; fileEncoding = 4; lastKnownFileType = sourcecode.c.h; path = PAListViewModel.h; sourceTree = "<group>"; };
		1FB2A637218642E600F6C91A /* PADetailViewController.xib */ = {isa = PBXFileReference; fileEncoding = 4; lastKnownFileType = file.xib; path = PADetailViewController.xib; sourceTree = "<group>"; };
		1FB2A638218642E600F6C91A /* PAImageCollectionViewCell.m */ = {isa = PBXFileReference; fileEncoding = 4; lastKnownFileType = sourcecode.c.objc; path = PAImageCollectionViewCell.m; sourceTree = "<group>"; };
		1FC9E31921883CF400119336 /* PAPhotoListReqeust.h */ = {isa = PBXFileReference; lastKnownFileType = sourcecode.c.h; path = PAPhotoListReqeust.h; sourceTree = "<group>"; };
		1FC9E31A21883CF400119336 /* PAPhotoListReqeust.m */ = {isa = PBXFileReference; lastKnownFileType = sourcecode.c.objc; path = PAPhotoListReqeust.m; sourceTree = "<group>"; };
		1FC9E31C21883D0500119336 /* PAImageRequest.h */ = {isa = PBXFileReference; lastKnownFileType = sourcecode.c.h; path = PAImageRequest.h; sourceTree = "<group>"; };
		1FC9E31D21883D0500119336 /* PAImageRequest.m */ = {isa = PBXFileReference; lastKnownFileType = sourcecode.c.objc; path = PAImageRequest.m; sourceTree = "<group>"; };
		1FD7EC00218485BD00EE4F80 /* PAAppEngine.h */ = {isa = PBXFileReference; lastKnownFileType = sourcecode.c.h; path = PAAppEngine.h; sourceTree = "<group>"; };
		1FD7EC01218485BD00EE4F80 /* PAAppEngine.m */ = {isa = PBXFileReference; lastKnownFileType = sourcecode.c.objc; path = PAAppEngine.m; sourceTree = "<group>"; };
		1FEC76242181D727008529DE /* PhotoApp2.app */ = {isa = PBXFileReference; explicitFileType = wrapper.application; includeInIndex = 0; path = PhotoApp2.app; sourceTree = BUILT_PRODUCTS_DIR; };
		1FEC76272181D727008529DE /* PAAppDelegate.h */ = {isa = PBXFileReference; lastKnownFileType = sourcecode.c.h; path = PAAppDelegate.h; sourceTree = "<group>"; };
		1FEC76282181D727008529DE /* PAAppDelegate.m */ = {isa = PBXFileReference; lastKnownFileType = sourcecode.c.objc; path = PAAppDelegate.m; sourceTree = "<group>"; };
		1FEC76302181D728008529DE /* Assets.xcassets */ = {isa = PBXFileReference; lastKnownFileType = folder.assetcatalog; path = Assets.xcassets; sourceTree = "<group>"; };
		1FEC76332181D728008529DE /* Base */ = {isa = PBXFileReference; lastKnownFileType = file.storyboard; name = Base; path = Base.lproj/LaunchScreen.storyboard; sourceTree = "<group>"; };
		1FEC76352181D728008529DE /* Info.plist */ = {isa = PBXFileReference; lastKnownFileType = text.plist.xml; path = Info.plist; sourceTree = "<group>"; };
		1FEC76362181D728008529DE /* main.m */ = {isa = PBXFileReference; lastKnownFileType = sourcecode.c.objc; path = main.m; sourceTree = "<group>"; };
		1FEC763C2181D728008529DE /* PhotoApp2Tests.xctest */ = {isa = PBXFileReference; explicitFileType = wrapper.cfbundle; includeInIndex = 0; path = PhotoApp2Tests.xctest; sourceTree = BUILT_PRODUCTS_DIR; };
		1FEC76422181D728008529DE /* Info.plist */ = {isa = PBXFileReference; lastKnownFileType = text.plist.xml; path = Info.plist; sourceTree = "<group>"; };
		1FEC764B2181D7B8008529DE /* FBSnapshotTestCase.xcodeproj */ = {isa = PBXFileReference; lastKnownFileType = "wrapper.pb-project"; name = FBSnapshotTestCase.xcodeproj; path = "External/ios-snapshot-test-case/FBSnapshotTestCase.xcodeproj"; sourceTree = "<group>"; };
		1FEC76632181E60C008529DE /* PAListViewControllerTests.m */ = {isa = PBXFileReference; lastKnownFileType = sourcecode.c.objc; path = PAListViewControllerTests.m; sourceTree = "<group>"; };
/* End PBXFileReference section */

/* Begin PBXFrameworksBuildPhase section */
		1FEC76212181D727008529DE /* Frameworks */ = {
			isa = PBXFrameworksBuildPhase;
			buildActionMask = 2147483647;
			files = (
			);
			runOnlyForDeploymentPostprocessing = 0;
		};
		1FEC76392181D728008529DE /* Frameworks */ = {
			isa = PBXFrameworksBuildPhase;
			buildActionMask = 2147483647;
			files = (
				1FEC765D2181D7D2008529DE /* FBSnapshotTestCase.framework in Frameworks */,
			);
			runOnlyForDeploymentPostprocessing = 0;
		};
/* End PBXFrameworksBuildPhase section */

/* Begin PBXGroup section */
		1F2F173C2187C2ED00A00D60 /* Utilities */ = {
			isa = PBXGroup;
			children = (
				1FC9E31521883CC500119336 /* Requests */,
				1F2F17402187C31000A00D60 /* PANetworkService.h */,
				1F2F17412187C31000A00D60 /* PANetworkService.m */,
				1F5C2A1E2188E93500C2362C /* PAImageLoader.h */,
				1F5C2A1F2188E93500C2362C /* PAImageLoader.m */,
			);
			name = Utilities;
			sourceTree = "<group>";
		};
		1F5C2A1C2188E5DF00C2362C /* Model */ = {
			isa = PBXGroup;
			children = (
				1F5C2A162188E5D800C2362C /* PAPhoto.h */,
				1F5C2A172188E5D800C2362C /* PAPhoto.m */,
			);
			name = Model;
			sourceTree = "<group>";
		};
		1F5C2A1D2188E8F200C2362C /* Resources */ = {
			isa = PBXGroup;
			children = (
				1FEC76302181D728008529DE /* Assets.xcassets */,
				1FEC76322181D728008529DE /* LaunchScreen.storyboard */,
				1FEC76352181D728008529DE /* Info.plist */,
			);
			name = Resources;
			sourceTree = "<group>";
		};
		1FB2A641218642F900F6C91A /* Main */ = {
			isa = PBXGroup;
			children = (
				1FEC76272181D727008529DE /* PAAppDelegate.h */,
				1FEC76282181D727008529DE /* PAAppDelegate.m */,
				1FD7EC00218485BD00EE4F80 /* PAAppEngine.h */,
				1FD7EC01218485BD00EE4F80 /* PAAppEngine.m */,
				1FEC76362181D728008529DE /* main.m */,
			);
			name = Main;
			sourceTree = "<group>";
		};
		1FB2A6422186432A00F6C91A /* Extensions */ = {
			isa = PBXGroup;
			children = (
				1FB2A62A218642E600F6C91A /* UIImage+PAColor.h */,
				1FB2A62D218642E600F6C91A /* UIImage+PAColor.m */,
				1FB2A62B218642E600F6C91A /* UIView+WLLayout.m */,
				1FB2A634218642E600F6C91A /* UIView+WLLayoutt.h */,
			);
			name = Extensions;
			sourceTree = "<group>";
		};
		1FB2A6432186434100F6C91A /* UI */ = {
			isa = PBXGroup;
			children = (
				1FB2A6472186445600F6C91A /* List */,
				1FB2A6442186435B00F6C91A /* Details */,
				1FB2A6452186436B00F6C91A /* Common Views */,
			);
			name = UI;
			sourceTree = "<group>";
		};
		1FB2A6442186435B00F6C91A /* Details */ = {
			isa = PBXGroup;
			children = (
				1FB2A62E218642E600F6C91A /* PADetailViewController.h */,
				1FB2A631218642E600F6C91A /* PADetailViewController.m */,
				1FB2A637218642E600F6C91A /* PADetailViewController.xib */,
				1F73D7452195C95800A53A1F /* PATitleCollectionSupplementaryView.h */,
				1F73D7462195C95800A53A1F /* PATitleCollectionSupplementaryView.m */,
			);
			name = Details;
			sourceTree = "<group>";
		};
		1FB2A6452186436B00F6C91A /* Common Views */ = {
			isa = PBXGroup;
			children = (
				1FB2A635218642E600F6C91A /* PAImageCollectionViewCell.h */,
				1FB2A638218642E600F6C91A /* PAImageCollectionViewCell.m */,
			);
			name = "Common Views";
			sourceTree = "<group>";
		};
		1FB2A6472186445600F6C91A /* List */ = {
			isa = PBXGroup;
			children = (
				1FB2A633218642E600F6C91A /* PAListViewControllerDelegate.h */,
				1FB2A632218642E600F6C91A /* PAListViewController.h */,
				1FB2A629218642E600F6C91A /* PAListViewController.m */,
				1FB2A630218642E600F6C91A /* PAListViewController.xib */,
				1FB2A636218642E600F6C91A /* PAListViewModel.h */,
				1FB2A62F218642E600F6C91A /* PAListViewModel.m */,
				1F5C2A2121891A6E00C2362C /* PAListItemViewModel.h */,
				1F5C2A2221891A6E00C2362C /* PAListItemViewModel.m */,
			);
			name = List;
			sourceTree = "<group>";
		};
		1FC9E31521883CC500119336 /* Requests */ = {
			isa = PBXGroup;
			children = (
				1F2F17432187C33E00A00D60 /* PANetworkRequest.h */,
				1F2F17442187C33E00A00D60 /* PANetworkRequest.m */,
				1FC9E31921883CF400119336 /* PAPhotoListReqeust.h */,
				1FC9E31A21883CF400119336 /* PAPhotoListReqeust.m */,
				1FC9E31C21883D0500119336 /* PAImageRequest.h */,
				1FC9E31D21883D0500119336 /* PAImageRequest.m */,
			);
			name = Requests;
			sourceTree = "<group>";
		};
		1FEC761B2181D727008529DE = {
			isa = PBXGroup;
			children = (
				1FEC764B2181D7B8008529DE /* FBSnapshotTestCase.xcodeproj */,
				1FEC76262181D727008529DE /* PhotoApp2 */,
				1FEC763F2181D728008529DE /* PhotoApp2Tests */,
				1FEC76252181D727008529DE /* Products */,
				1FEC765C2181D7D2008529DE /* Frameworks */,
			);
			sourceTree = "<group>";
		};
		1FEC76252181D727008529DE /* Products */ = {
			isa = PBXGroup;
			children = (
				1FEC76242181D727008529DE /* PhotoApp2.app */,
				1FEC763C2181D728008529DE /* PhotoApp2Tests.xctest */,
			);
			name = Products;
			sourceTree = "<group>";
		};
		1FEC76262181D727008529DE /* PhotoApp2 */ = {
			isa = PBXGroup;
			children = (
				1FB2A641218642F900F6C91A /* Main */,
				1F5C2A1C2188E5DF00C2362C /* Model */,
				1F2F173C2187C2ED00A00D60 /* Utilities */,
				1FB2A6432186434100F6C91A /* UI */,
				1FB2A6422186432A00F6C91A /* Extensions */,
				1F5C2A1D2188E8F200C2362C /* Resources */,
			);
			path = PhotoApp2;
			sourceTree = "<group>";
		};
		1FEC763F2181D728008529DE /* PhotoApp2Tests */ = {
			isa = PBXGroup;
			children = (
				1FEC766D2181EBD3008529DE /* Infrastructure */,
				1FEC76422181D728008529DE /* Info.plist */,
				1FEC766E2181EBF0008529DE /* UI */,
			);
			path = PhotoApp2Tests;
			sourceTree = "<group>";
		};
		1FEC764C2181D7B8008529DE /* Products */ = {
			isa = PBXGroup;
			children = (
				1FEC76532181D7B8008529DE /* FBSnapshotTestCase.framework */,
				1FEC76552181D7B8008529DE /* FBSnapshotTestCase iOS Tests.xctest */,
				1FEC76572181D7B8008529DE /* FBSnapshotTestCase.framework */,
				1FEC76592181D7B8008529DE /* FBSnapshotTestCase tvOS Tests.xctest */,
			);
			name = Products;
			sourceTree = "<group>";
		};
		1FEC765C2181D7D2008529DE /* Frameworks */ = {
			isa = PBXGroup;
			children = (
			);
			name = Frameworks;
			sourceTree = "<group>";
		};
		1FEC766D2181EBD3008529DE /* Infrastructure */ = {
			isa = PBXGroup;
			children = (
			);
			path = Infrastructure;
			sourceTree = "<group>";
		};
		1FEC766E2181EBF0008529DE /* UI */ = {
			isa = PBXGroup;
			children = (
				1FEC76632181E60C008529DE /* PAListViewControllerTests.m */,
			);
			path = UI;
			sourceTree = "<group>";
		};
/* End PBXGroup section */

/* Begin PBXNativeTarget section */
		1FEC76232181D727008529DE /* PhotoApp2 */ = {
			isa = PBXNativeTarget;
			buildConfigurationList = 1FEC76452181D728008529DE /* Build configuration list for PBXNativeTarget "PhotoApp2" */;
			buildPhases = (
				1FEC76202181D727008529DE /* Sources */,
				1FEC76212181D727008529DE /* Frameworks */,
				1FEC76222181D727008529DE /* Resources */,
			);
			buildRules = (
			);
			dependencies = (
			);
			name = PhotoApp2;
			productName = PhotoApp2;
			productReference = 1FEC76242181D727008529DE /* PhotoApp2.app */;
			productType = "com.apple.product-type.application";
		};
		1FEC763B2181D728008529DE /* PhotoApp2Tests */ = {
			isa = PBXNativeTarget;
			buildConfigurationList = 1FEC76482181D728008529DE /* Build configuration list for PBXNativeTarget "PhotoApp2Tests" */;
			buildPhases = (
				1FEC76382181D728008529DE /* Sources */,
				1FEC76392181D728008529DE /* Frameworks */,
				1FEC763A2181D728008529DE /* Resources */,
			);
			buildRules = (
			);
			dependencies = (
				1FEC765B2181D7C8008529DE /* PBXTargetDependency */,
				1FEC763E2181D728008529DE /* PBXTargetDependency */,
			);
			name = PhotoApp2Tests;
			productName = PhotoApp2Tests;
			productReference = 1FEC763C2181D728008529DE /* PhotoApp2Tests.xctest */;
			productType = "com.apple.product-type.bundle.unit-test";
		};
/* End PBXNativeTarget section */

/* Begin PBXProject section */
		1FEC761C2181D727008529DE /* Project object */ = {
			isa = PBXProject;
			attributes = {
				CLASSPREFIX = PA;
				LastUpgradeCheck = 1000;
				ORGANIZATIONNAME = "Sidharth Juyal";
				TargetAttributes = {
					1FEC76232181D727008529DE = {
						CreatedOnToolsVersion = 10.0;
					};
					1FEC763B2181D728008529DE = {
						CreatedOnToolsVersion = 10.0;
						TestTargetID = 1FEC76232181D727008529DE;
					};
				};
			};
			buildConfigurationList = 1FEC761F2181D727008529DE /* Build configuration list for PBXProject "PhotoApp2" */;
			compatibilityVersion = "Xcode 9.3";
			developmentRegion = en;
			hasScannedForEncodings = 0;
			knownRegions = (
				en,
				Base,
			);
			mainGroup = 1FEC761B2181D727008529DE;
			productRefGroup = 1FEC76252181D727008529DE /* Products */;
			projectDirPath = "";
			projectReferences = (
				{
					ProductGroup = 1FEC764C2181D7B8008529DE /* Products */;
					ProjectRef = 1FEC764B2181D7B8008529DE /* FBSnapshotTestCase.xcodeproj */;
				},
			);
			projectRoot = "";
			targets = (
				1FEC76232181D727008529DE /* PhotoApp2 */,
				1FEC763B2181D728008529DE /* PhotoApp2Tests */,
			);
		};
/* End PBXProject section */

/* Begin PBXReferenceProxy section */
		1FEC76532181D7B8008529DE /* FBSnapshotTestCase.framework */ = {
			isa = PBXReferenceProxy;
			fileType = wrapper.framework;
			path = FBSnapshotTestCase.framework;
			remoteRef = 1FEC76522181D7B8008529DE /* PBXContainerItemProxy */;
			sourceTree = BUILT_PRODUCTS_DIR;
		};
		1FEC76552181D7B8008529DE /* FBSnapshotTestCase iOS Tests.xctest */ = {
			isa = PBXReferenceProxy;
			fileType = wrapper.cfbundle;
			path = "FBSnapshotTestCase iOS Tests.xctest";
			remoteRef = 1FEC76542181D7B8008529DE /* PBXContainerItemProxy */;
			sourceTree = BUILT_PRODUCTS_DIR;
		};
		1FEC76572181D7B8008529DE /* FBSnapshotTestCase.framework */ = {
			isa = PBXReferenceProxy;
			fileType = wrapper.framework;
			path = FBSnapshotTestCase.framework;
			remoteRef = 1FEC76562181D7B8008529DE /* PBXContainerItemProxy */;
			sourceTree = BUILT_PRODUCTS_DIR;
		};
		1FEC76592181D7B8008529DE /* FBSnapshotTestCase tvOS Tests.xctest */ = {
			isa = PBXReferenceProxy;
			fileType = wrapper.cfbundle;
			path = "FBSnapshotTestCase tvOS Tests.xctest";
			remoteRef = 1FEC76582181D7B8008529DE /* PBXContainerItemProxy */;
			sourceTree = BUILT_PRODUCTS_DIR;
		};
/* End PBXReferenceProxy section */

/* Begin PBXResourcesBuildPhase section */
		1FEC76222181D727008529DE /* Resources */ = {
			isa = PBXResourcesBuildPhase;
			buildActionMask = 2147483647;
			files = (
				1FB2A63D218642E700F6C91A /* PAListViewController.xib in Resources */,
				1FEC76342181D728008529DE /* LaunchScreen.storyboard in Resources */,
				1FB2A63F218642E700F6C91A /* PADetailViewController.xib in Resources */,
				1FEC76312181D728008529DE /* Assets.xcassets in Resources */,
			);
			runOnlyForDeploymentPostprocessing = 0;
		};
		1FEC763A2181D728008529DE /* Resources */ = {
			isa = PBXResourcesBuildPhase;
			buildActionMask = 2147483647;
			files = (
			);
			runOnlyForDeploymentPostprocessing = 0;
		};
/* End PBXResourcesBuildPhase section */

/* Begin PBXSourcesBuildPhase section */
		1FEC76202181D727008529DE /* Sources */ = {
			isa = PBXSourcesBuildPhase;
			buildActionMask = 2147483647;
			files = (
				1F5C2A202188E93500C2362C /* PAImageLoader.m in Sources */,
				1FB2A63C218642E700F6C91A /* PAListViewModel.m in Sources */,
				1FC9E31E21883D0500119336 /* PAImageRequest.m in Sources */,
				1FEC76372181D728008529DE /* main.m in Sources */,
				1FB2A640218642E700F6C91A /* PAImageCollectionViewCell.m in Sources */,
				1FB2A639218642E700F6C91A /* PAListViewController.m in Sources */,
				1F5C2A182188E5D800C2362C /* PAPhoto.m in Sources */,
				1FB2A63B218642E700F6C91A /* UIImage+PAColor.m in Sources */,
				1F5C2A2321891A6E00C2362C /* PAListItemViewModel.m in Sources */,
				1F73D7472195C95800A53A1F /* PATitleCollectionSupplementaryView.m in Sources */,
				1F2F17422187C31000A00D60 /* PANetworkService.m in Sources */,
				1FB2A63A218642E700F6C91A /* UIView+WLLayout.m in Sources */,
				1FD7EC02218485BD00EE4F80 /* PAAppEngine.m in Sources */,
				1FB2A63E218642E700F6C91A /* PADetailViewController.m in Sources */,
				1F2F17452187C33E00A00D60 /* PANetworkRequest.m in Sources */,
				1FEC76292181D727008529DE /* PAAppDelegate.m in Sources */,
				1FC9E31B21883CF400119336 /* PAPhotoListReqeust.m in Sources */,
			);
			runOnlyForDeploymentPostprocessing = 0;
		};
		1FEC76382181D728008529DE /* Sources */ = {
			isa = PBXSourcesBuildPhase;
			buildActionMask = 2147483647;
			files = (
				1FEC76642181E60C008529DE /* PAListViewControllerTests.m in Sources */,
			);
			runOnlyForDeploymentPostprocessing = 0;
		};
/* End PBXSourcesBuildPhase section */

/* Begin PBXTargetDependency section */
		1FEC763E2181D728008529DE /* PBXTargetDependency */ = {
			isa = PBXTargetDependency;
			target = 1FEC76232181D727008529DE /* PhotoApp2 */;
			targetProxy = 1FEC763D2181D728008529DE /* PBXContainerItemProxy */;
		};
		1FEC765B2181D7C8008529DE /* PBXTargetDependency */ = {
			isa = PBXTargetDependency;
			name = "FBSnapshotTestCase iOS";
			targetProxy = 1FEC765A2181D7C8008529DE /* PBXContainerItemProxy */;
		};
/* End PBXTargetDependency section */

/* Begin PBXVariantGroup section */
		1FEC76322181D728008529DE /* LaunchScreen.storyboard */ = {
			isa = PBXVariantGroup;
			children = (
				1FEC76332181D728008529DE /* Base */,
			);
			name = LaunchScreen.storyboard;
			sourceTree = "<group>";
		};
/* End PBXVariantGroup section */

/* Begin XCBuildConfiguration section */
		1FEC76432181D728008529DE /* Debug */ = {
			isa = XCBuildConfiguration;
			buildSettings = {
				ALWAYS_SEARCH_USER_PATHS = NO;
				CLANG_ANALYZER_NONNULL = YES;
				CLANG_ANALYZER_NUMBER_OBJECT_CONVERSION = YES_AGGRESSIVE;
				CLANG_CXX_LANGUAGE_STANDARD = "gnu++14";
				CLANG_CXX_LIBRARY = "libc++";
				CLANG_ENABLE_MODULES = YES;
				CLANG_ENABLE_OBJC_ARC = YES;
				CLANG_ENABLE_OBJC_WEAK = YES;
				CLANG_WARN_BLOCK_CAPTURE_AUTORELEASING = YES;
				CLANG_WARN_BOOL_CONVERSION = YES;
				CLANG_WARN_COMMA = YES;
				CLANG_WARN_CONSTANT_CONVERSION = YES;
				CLANG_WARN_DEPRECATED_OBJC_IMPLEMENTATIONS = YES;
				CLANG_WARN_DIRECT_OBJC_ISA_USAGE = YES_ERROR;
				CLANG_WARN_DOCUMENTATION_COMMENTS = YES;
				CLANG_WARN_EMPTY_BODY = YES;
				CLANG_WARN_ENUM_CONVERSION = YES;
				CLANG_WARN_INFINITE_RECURSION = YES;
				CLANG_WARN_INT_CONVERSION = YES;
				CLANG_WARN_NON_LITERAL_NULL_CONVERSION = YES;
				CLANG_WARN_OBJC_IMPLICIT_RETAIN_SELF = YES;
				CLANG_WARN_OBJC_LITERAL_CONVERSION = YES;
				CLANG_WARN_OBJC_ROOT_CLASS = YES_ERROR;
				CLANG_WARN_RANGE_LOOP_ANALYSIS = YES;
				CLANG_WARN_STRICT_PROTOTYPES = YES;
				CLANG_WARN_SUSPICIOUS_MOVE = YES;
				CLANG_WARN_UNGUARDED_AVAILABILITY = YES_AGGRESSIVE;
				CLANG_WARN_UNREACHABLE_CODE = YES;
				CLANG_WARN__DUPLICATE_METHOD_MATCH = YES;
				CODE_SIGN_IDENTITY = "iPhone Developer";
				COPY_PHASE_STRIP = NO;
				DEBUG_INFORMATION_FORMAT = dwarf;
				ENABLE_STRICT_OBJC_MSGSEND = YES;
				ENABLE_TESTABILITY = YES;
				GCC_C_LANGUAGE_STANDARD = gnu11;
				GCC_DYNAMIC_NO_PIC = NO;
				GCC_NO_COMMON_BLOCKS = YES;
				GCC_OPTIMIZATION_LEVEL = 0;
				GCC_PREPROCESSOR_DEFINITIONS = (
					"DEBUG=1",
					"$(inherited)",
				);
				GCC_WARN_64_TO_32_BIT_CONVERSION = YES;
				GCC_WARN_ABOUT_RETURN_TYPE = YES_ERROR;
				GCC_WARN_UNDECLARED_SELECTOR = YES;
				GCC_WARN_UNINITIALIZED_AUTOS = YES_AGGRESSIVE;
				GCC_WARN_UNUSED_FUNCTION = YES;
				GCC_WARN_UNUSED_VARIABLE = YES;
				IPHONEOS_DEPLOYMENT_TARGET = 12.0;
				MTL_ENABLE_DEBUG_INFO = INCLUDE_SOURCE;
				MTL_FAST_MATH = YES;
				ONLY_ACTIVE_ARCH = YES;
				SDKROOT = iphoneos;
			};
			name = Debug;
		};
		1FEC76442181D728008529DE /* Release */ = {
			isa = XCBuildConfiguration;
			buildSettings = {
				ALWAYS_SEARCH_USER_PATHS = NO;
				CLANG_ANALYZER_NONNULL = YES;
				CLANG_ANALYZER_NUMBER_OBJECT_CONVERSION = YES_AGGRESSIVE;
				CLANG_CXX_LANGUAGE_STANDARD = "gnu++14";
				CLANG_CXX_LIBRARY = "libc++";
				CLANG_ENABLE_MODULES = YES;
				CLANG_ENABLE_OBJC_ARC = YES;
				CLANG_ENABLE_OBJC_WEAK = YES;
				CLANG_WARN_BLOCK_CAPTURE_AUTORELEASING = YES;
				CLANG_WARN_BOOL_CONVERSION = YES;
				CLANG_WARN_COMMA = YES;
				CLANG_WARN_CONSTANT_CONVERSION = YES;
				CLANG_WARN_DEPRECATED_OBJC_IMPLEMENTATIONS = YES;
				CLANG_WARN_DIRECT_OBJC_ISA_USAGE = YES_ERROR;
				CLANG_WARN_DOCUMENTATION_COMMENTS = YES;
				CLANG_WARN_EMPTY_BODY = YES;
				CLANG_WARN_ENUM_CONVERSION = YES;
				CLANG_WARN_INFINITE_RECURSION = YES;
				CLANG_WARN_INT_CONVERSION = YES;
				CLANG_WARN_NON_LITERAL_NULL_CONVERSION = YES;
				CLANG_WARN_OBJC_IMPLICIT_RETAIN_SELF = YES;
				CLANG_WARN_OBJC_LITERAL_CONVERSION = YES;
				CLANG_WARN_OBJC_ROOT_CLASS = YES_ERROR;
				CLANG_WARN_RANGE_LOOP_ANALYSIS = YES;
				CLANG_WARN_STRICT_PROTOTYPES = YES;
				CLANG_WARN_SUSPICIOUS_MOVE = YES;
				CLANG_WARN_UNGUARDED_AVAILABILITY = YES_AGGRESSIVE;
				CLANG_WARN_UNREACHABLE_CODE = YES;
				CLANG_WARN__DUPLICATE_METHOD_MATCH = YES;
				CODE_SIGN_IDENTITY = "iPhone Developer";
				COPY_PHASE_STRIP = NO;
				DEBUG_INFORMATION_FORMAT = "dwarf-with-dsym";
				ENABLE_NS_ASSERTIONS = NO;
				ENABLE_STRICT_OBJC_MSGSEND = YES;
				GCC_C_LANGUAGE_STANDARD = gnu11;
				GCC_NO_COMMON_BLOCKS = YES;
				GCC_WARN_64_TO_32_BIT_CONVERSION = YES;
				GCC_WARN_ABOUT_RETURN_TYPE = YES_ERROR;
				GCC_WARN_UNDECLARED_SELECTOR = YES;
				GCC_WARN_UNINITIALIZED_AUTOS = YES_AGGRESSIVE;
				GCC_WARN_UNUSED_FUNCTION = YES;
				GCC_WARN_UNUSED_VARIABLE = YES;
				IPHONEOS_DEPLOYMENT_TARGET = 12.0;
				MTL_ENABLE_DEBUG_INFO = NO;
				MTL_FAST_MATH = YES;
				SDKROOT = iphoneos;
				VALIDATE_PRODUCT = YES;
			};
			name = Release;
		};
		1FEC76462181D728008529DE /* Debug */ = {
			isa = XCBuildConfiguration;
			buildSettings = {
				ASSETCATALOG_COMPILER_APPICON_NAME = AppIcon;
				CODE_SIGN_STYLE = Automatic;
				DEVELOPMENT_TEAM = FAAALUHC5H;
				INFOPLIST_FILE = PhotoApp2/Info.plist;
				LD_RUNPATH_SEARCH_PATHS = (
					"$(inherited)",
					"@executable_path/Frameworks",
				);
				PRODUCT_BUNDLE_IDENTIFIER = com.whackylabs.demo.PhotoApp2;
				PRODUCT_NAME = "$(TARGET_NAME)";
				TARGETED_DEVICE_FAMILY = "1,2";
			};
			name = Debug;
		};
		1FEC76472181D728008529DE /* Release */ = {
			isa = XCBuildConfiguration;
			buildSettings = {
				ASSETCATALOG_COMPILER_APPICON_NAME = AppIcon;
				CODE_SIGN_STYLE = Automatic;
				DEVELOPMENT_TEAM = FAAALUHC5H;
				INFOPLIST_FILE = PhotoApp2/Info.plist;
				LD_RUNPATH_SEARCH_PATHS = (
					"$(inherited)",
					"@executable_path/Frameworks",
				);
				PRODUCT_BUNDLE_IDENTIFIER = com.whackylabs.demo.PhotoApp2;
				PRODUCT_NAME = "$(TARGET_NAME)";
				TARGETED_DEVICE_FAMILY = "1,2";
			};
			name = Release;
		};
		1FEC76492181D728008529DE /* Debug */ = {
			isa = XCBuildConfiguration;
			buildSettings = {
				BUNDLE_LOADER = "$(TEST_HOST)";
				CODE_SIGN_STYLE = Automatic;
				DEVELOPMENT_TEAM = FAAALUHC5H;
				INFOPLIST_FILE = PhotoApp2Tests/Info.plist;
				LD_RUNPATH_SEARCH_PATHS = (
					"$(inherited)",
					"@executable_path/Frameworks",
					"@loader_path/Frameworks",
				);
				PRODUCT_BUNDLE_IDENTIFIER = com.whackylabs.demo.PhotoApp2Tests;
				PRODUCT_NAME = "$(TARGET_NAME)";
				TARGETED_DEVICE_FAMILY = "1,2";
				TEST_HOST = "$(BUILT_PRODUCTS_DIR)/PhotoApp2.app/PhotoApp2";
			};
			name = Debug;
		};
		1FEC764A2181D728008529DE /* Release */ = {
			isa = XCBuildConfiguration;
			buildSettings = {
				BUNDLE_LOADER = "$(TEST_HOST)";
				CODE_SIGN_STYLE = Automatic;
				DEVELOPMENT_TEAM = FAAALUHC5H;
				INFOPLIST_FILE = PhotoApp2Tests/Info.plist;
				LD_RUNPATH_SEARCH_PATHS = (
					"$(inherited)",
					"@executable_path/Frameworks",
					"@loader_path/Frameworks",
				);
				PRODUCT_BUNDLE_IDENTIFIER = com.whackylabs.demo.PhotoApp2Tests;
				PRODUCT_NAME = "$(TARGET_NAME)";
				TARGETED_DEVICE_FAMILY = "1,2";
				TEST_HOST = "$(BUILT_PRODUCTS_DIR)/PhotoApp2.app/PhotoApp2";
			};
			name = Release;
		};
/* End XCBuildConfiguration section */

/* Begin XCConfigurationList section */
		1FEC761F2181D727008529DE /* Build configuration list for PBXProject "PhotoApp2" */ = {
			isa = XCConfigurationList;
			buildConfigurations = (
				1FEC76432181D728008529DE /* Debug */,
				1FEC76442181D728008529DE /* Release */,
			);
			defaultConfigurationIsVisible = 0;
			defaultConfigurationName = Release;
		};
		1FEC76452181D728008529DE /* Build configuration list for PBXNativeTarget "PhotoApp2" */ = {
			isa = XCConfigurationList;
			buildConfigurations = (
				1FEC76462181D728008529DE /* Debug */,
				1FEC76472181D728008529DE /* Release */,
			);
			defaultConfigurationIsVisible = 0;
			defaultConfigurationName = Release;
		};
		1FEC76482181D728008529DE /* Build configuration list for PBXNativeTarget "PhotoApp2Tests" */ = {
			isa = XCConfigurationList;
			buildConfigurations = (
				1FEC76492181D728008529DE /* Debug */,
				1FEC764A2181D728008529DE /* Release */,
			);
			defaultConfigurationIsVisible = 0;
			defaultConfigurationName = Release;
		};
/* End XCConfigurationList section */
	};
	rootObject = 1FEC761C2181D727008529DE /* Project object */;
}
