// !$*UTF8*$!
{
	archiveVersion = 1;
	classes = {
	};
	objectVersion = 51;
	objects = {

/* Begin PBXBuildFile section */
		1F68AF222197212B00F21DD7 /* PHLoadingComponent.mm in Sources */ = {isa = PBXBuildFile; fileRef = 1F68AF212197212B00F21DD7 /* PHLoadingComponent.mm */; };
		1F68AF342197951100F21DD7 /* PANetworkService.m in Sources */ = {isa = PBXBuildFile; fileRef = 1F68AF242197951000F21DD7 /* PANetworkService.m */; };
		1F68AF352197951100F21DD7 /* PANetworkRequest.m in Sources */ = {isa = PBXBuildFile; fileRef = 1F68AF262197951000F21DD7 /* PANetworkRequest.m */; };
		1F68AF362197951100F21DD7 /* PAPhoto.m in Sources */ = {isa = PBXBuildFile; fileRef = 1F68AF272197951000F21DD7 /* PAPhoto.m */; };
		1F68AF382197951100F21DD7 /* PAImageRequest.m in Sources */ = {isa = PBXBuildFile; fileRef = 1F68AF2C2197951100F21DD7 /* PAImageRequest.m */; };
		1F68AF392197951100F21DD7 /* PAImageLoader.m in Sources */ = {isa = PBXBuildFile; fileRef = 1F68AF2D2197951100F21DD7 /* PAImageLoader.m */; };
		1F68AF3A2197951100F21DD7 /* PAListViewModel.m in Sources */ = {isa = PBXBuildFile; fileRef = 1F68AF2E2197951100F21DD7 /* PAListViewModel.m */; };
		1F68AF3B2197951100F21DD7 /* PAPhotoListReqeust.m in Sources */ = {isa = PBXBuildFile; fileRef = 1F68AF322197951100F21DD7 /* PAPhotoListReqeust.m */; };
		1F68AF3F21979C5600F21DD7 /* PHPhotoComponent.mm in Sources */ = {isa = PBXBuildFile; fileRef = 1F68AF3E21979C5600F21DD7 /* PHPhotoComponent.mm */; };
		1F68AF42219866E100F21DD7 /* PAImageDownloader.mm in Sources */ = {isa = PBXBuildFile; fileRef = 1F68AF41219866E100F21DD7 /* PAImageDownloader.mm */; };
		1F68AF4521987E3100F21DD7 /* PHRootComponentProvider.mm in Sources */ = {isa = PBXBuildFile; fileRef = 1F68AF4421987E3100F21DD7 /* PHRootComponentProvider.mm */; };
		1F68AF48219880D100F21DD7 /* PHDetailViewController.mm in Sources */ = {isa = PBXBuildFile; fileRef = 1F68AF47219880D100F21DD7 /* PHDetailViewController.mm */; };
		1F68AF4C219883C600F21DD7 /* PHDetailComponent.mm in Sources */ = {isa = PBXBuildFile; fileRef = 1F68AF4B219883C600F21DD7 /* PHDetailComponent.mm */; };
		1F73D75C2195DB7D00A53A1F /* PHAppDelegate.mm in Sources */ = {isa = PBXBuildFile; fileRef = 1F73D75B2195DB7D00A53A1F /* PHAppDelegate.mm */; };
		1F73D75F2195DB7D00A53A1F /* PHViewController.mm in Sources */ = {isa = PBXBuildFile; fileRef = 1F73D75E2195DB7D00A53A1F /* PHViewController.mm */; };
		1F73D7642195DB8000A53A1F /* Assets.xcassets in Resources */ = {isa = PBXBuildFile; fileRef = 1F73D7632195DB8000A53A1F /* Assets.xcassets */; };
		1F73D7672195DB8000A53A1F /* LaunchScreen.storyboard in Resources */ = {isa = PBXBuildFile; fileRef = 1F73D7652195DB8000A53A1F /* LaunchScreen.storyboard */; };
		1F73D76A2195DB8000A53A1F /* main.m in Sources */ = {isa = PBXBuildFile; fileRef = 1F73D7692195DB8000A53A1F /* main.m */; };
		1FEC1116219617B400420534 /* PHAppEngine.mm in Sources */ = {isa = PBXBuildFile; fileRef = 1FEC1115219617B400420534 /* PHAppEngine.mm */; };
		37BCFADCF36CF6A9C50C634C /* Pods_PhotoApp_CK.framework in Frameworks */ = {isa = PBXBuildFile; fileRef = 7CC0BCEEA01F7240953B9E6E /* Pods_PhotoApp_CK.framework */; };
/* End PBXBuildFile section */

/* Begin PBXFileReference section */
		1D4A2615E122C680C5B6B32D /* Pods-PhotoApp_CK.debug.xcconfig */ = {isa = PBXFileReference; includeInIndex = 1; lastKnownFileType = text.xcconfig; name = "Pods-PhotoApp_CK.debug.xcconfig"; path = "Target Support Files/Pods-PhotoApp_CK/Pods-PhotoApp_CK.debug.xcconfig"; sourceTree = "<group>"; };
		1F68AF202197212B00F21DD7 /* PHLoadingComponent.h */ = {isa = PBXFileReference; lastKnownFileType = sourcecode.c.h; path = PHLoadingComponent.h; sourceTree = "<group>"; };
		1F68AF212197212B00F21DD7 /* PHLoadingComponent.mm */ = {isa = PBXFileReference; lastKnownFileType = sourcecode.cpp.objcpp; path = PHLoadingComponent.mm; sourceTree = "<group>"; };
		1F68AF242197951000F21DD7 /* PANetworkService.m */ = {isa = PBXFileReference; fileEncoding = 4; lastKnownFileType = sourcecode.c.objc; path = PANetworkService.m; sourceTree = "<group>"; };
		1F68AF252197951000F21DD7 /* PAPhoto.h */ = {isa = PBXFileReference; fileEncoding = 4; lastKnownFileType = sourcecode.c.h; path = PAPhoto.h; sourceTree = "<group>"; };
		1F68AF262197951000F21DD7 /* PANetworkRequest.m */ = {isa = PBXFileReference; fileEncoding = 4; lastKnownFileType = sourcecode.c.objc; path = PANetworkRequest.m; sourceTree = "<group>"; };
		1F68AF272197951000F21DD7 /* PAPhoto.m */ = {isa = PBXFileReference; fileEncoding = 4; lastKnownFileType = sourcecode.c.objc; path = PAPhoto.m; sourceTree = "<group>"; };
		1F68AF292197951000F21DD7 /* PAImageLoader.h */ = {isa = PBXFileReference; fileEncoding = 4; lastKnownFileType = sourcecode.c.h; path = PAImageLoader.h; sourceTree = "<group>"; };
		1F68AF2A2197951000F21DD7 /* PAListViewModel.h */ = {isa = PBXFileReference; fileEncoding = 4; lastKnownFileType = sourcecode.c.h; path = PAListViewModel.h; sourceTree = "<group>"; };
		1F68AF2B2197951000F21DD7 /* PAImageRequest.h */ = {isa = PBXFileReference; fileEncoding = 4; lastKnownFileType = sourcecode.c.h; path = PAImageRequest.h; sourceTree = "<group>"; };
		1F68AF2C2197951100F21DD7 /* PAImageRequest.m */ = {isa = PBXFileReference; fileEncoding = 4; lastKnownFileType = sourcecode.c.objc; path = PAImageRequest.m; sourceTree = "<group>"; };
		1F68AF2D2197951100F21DD7 /* PAImageLoader.m */ = {isa = PBXFileReference; fileEncoding = 4; lastKnownFileType = sourcecode.c.objc; path = PAImageLoader.m; sourceTree = "<group>"; };
		1F68AF2E2197951100F21DD7 /* PAListViewModel.m */ = {isa = PBXFileReference; fileEncoding = 4; lastKnownFileType = sourcecode.c.objc; path = PAListViewModel.m; sourceTree = "<group>"; };
		1F68AF2F2197951100F21DD7 /* PANetworkRequest.h */ = {isa = PBXFileReference; fileEncoding = 4; lastKnownFileType = sourcecode.c.h; path = PANetworkRequest.h; sourceTree = "<group>"; };
		1F68AF312197951100F21DD7 /* PAPhotoListReqeust.h */ = {isa = PBXFileReference; fileEncoding = 4; lastKnownFileType = sourcecode.c.h; path = PAPhotoListReqeust.h; sourceTree = "<group>"; };
		1F68AF322197951100F21DD7 /* PAPhotoListReqeust.m */ = {isa = PBXFileReference; fileEncoding = 4; lastKnownFileType = sourcecode.c.objc; path = PAPhotoListReqeust.m; sourceTree = "<group>"; };
		1F68AF332197951100F21DD7 /* PANetworkService.h */ = {isa = PBXFileReference; fileEncoding = 4; lastKnownFileType = sourcecode.c.h; path = PANetworkService.h; sourceTree = "<group>"; };
		1F68AF3D21979C5600F21DD7 /* PHPhotoComponent.h */ = {isa = PBXFileReference; lastKnownFileType = sourcecode.c.h; path = PHPhotoComponent.h; sourceTree = "<group>"; };
		1F68AF3E21979C5600F21DD7 /* PHPhotoComponent.mm */ = {isa = PBXFileReference; lastKnownFileType = sourcecode.cpp.objcpp; path = PHPhotoComponent.mm; sourceTree = "<group>"; };
		1F68AF40219866E100F21DD7 /* PAImageDownloader.h */ = {isa = PBXFileReference; lastKnownFileType = sourcecode.c.h; path = PAImageDownloader.h; sourceTree = "<group>"; };
		1F68AF41219866E100F21DD7 /* PAImageDownloader.mm */ = {isa = PBXFileReference; lastKnownFileType = sourcecode.cpp.objcpp; path = PAImageDownloader.mm; sourceTree = "<group>"; };
		1F68AF4321987E3100F21DD7 /* PHRootComponentProvider.h */ = {isa = PBXFileReference; lastKnownFileType = sourcecode.c.h; path = PHRootComponentProvider.h; sourceTree = "<group>"; };
		1F68AF4421987E3100F21DD7 /* PHRootComponentProvider.mm */ = {isa = PBXFileReference; lastKnownFileType = sourcecode.cpp.objcpp; path = PHRootComponentProvider.mm; sourceTree = "<group>"; };
		1F68AF46219880D100F21DD7 /* PHDetailViewController.h */ = {isa = PBXFileReference; lastKnownFileType = sourcecode.c.h; path = PHDetailViewController.h; sourceTree = "<group>"; };
		1F68AF47219880D100F21DD7 /* PHDetailViewController.mm */ = {isa = PBXFileReference; lastKnownFileType = sourcecode.cpp.objcpp; path = PHDetailViewController.mm; sourceTree = "<group>"; };
		1F68AF4A219883C600F21DD7 /* PHDetailComponent.h */ = {isa = PBXFileReference; lastKnownFileType = sourcecode.c.h; path = PHDetailComponent.h; sourceTree = "<group>"; };
		1F68AF4B219883C600F21DD7 /* PHDetailComponent.mm */ = {isa = PBXFileReference; lastKnownFileType = sourcecode.cpp.objcpp; path = PHDetailComponent.mm; sourceTree = "<group>"; };
		1F73D7572195DB7D00A53A1F /* PhotoApp_CK.app */ = {isa = PBXFileReference; explicitFileType = wrapper.application; includeInIndex = 0; path = PhotoApp_CK.app; sourceTree = BUILT_PRODUCTS_DIR; };
		1F73D75A2195DB7D00A53A1F /* PHAppDelegate.h */ = {isa = PBXFileReference; lastKnownFileType = sourcecode.c.h; path = PHAppDelegate.h; sourceTree = "<group>"; };
		1F73D75B2195DB7D00A53A1F /* PHAppDelegate.mm */ = {isa = PBXFileReference; lastKnownFileType = sourcecode.cpp.objcpp; path = PHAppDelegate.mm; sourceTree = "<group>"; };
		1F73D75D2195DB7D00A53A1F /* PHViewController.h */ = {isa = PBXFileReference; lastKnownFileType = sourcecode.c.h; path = PHViewController.h; sourceTree = "<group>"; };
		1F73D75E2195DB7D00A53A1F /* PHViewController.mm */ = {isa = PBXFileReference; lastKnownFileType = sourcecode.cpp.objcpp; path = PHViewController.mm; sourceTree = "<group>"; };
		1F73D7632195DB8000A53A1F /* Assets.xcassets */ = {isa = PBXFileReference; lastKnownFileType = folder.assetcatalog; path = Assets.xcassets; sourceTree = "<group>"; };
		1F73D7662195DB8000A53A1F /* Base */ = {isa = PBXFileReference; lastKnownFileType = file.storyboard; name = Base; path = Base.lproj/LaunchScreen.storyboard; sourceTree = "<group>"; };
		1F73D7682195DB8000A53A1F /* Info.plist */ = {isa = PBXFileReference; lastKnownFileType = text.plist.xml; path = Info.plist; sourceTree = "<group>"; };
		1F73D7692195DB8000A53A1F /* main.m */ = {isa = PBXFileReference; lastKnownFileType = sourcecode.c.objc; path = main.m; sourceTree = "<group>"; };
		1FEC1111219615A300420534 /* ComponentKit.framework */ = {isa = PBXFileReference; explicitFileType = wrapper.framework; path = ComponentKit.framework; sourceTree = BUILT_PRODUCTS_DIR; };
		1FEC1114219617B400420534 /* PHAppEngine.h */ = {isa = PBXFileReference; lastKnownFileType = sourcecode.c.h; path = PHAppEngine.h; sourceTree = "<group>"; };
		1FEC1115219617B400420534 /* PHAppEngine.mm */ = {isa = PBXFileReference; lastKnownFileType = sourcecode.cpp.objcpp; path = PHAppEngine.mm; sourceTree = "<group>"; };
		4F3586260964FA38ACB78B21 /* Pods-PhotoApp_CK.release.xcconfig */ = {isa = PBXFileReference; includeInIndex = 1; lastKnownFileType = text.xcconfig; name = "Pods-PhotoApp_CK.release.xcconfig"; path = "Target Support Files/Pods-PhotoApp_CK/Pods-PhotoApp_CK.release.xcconfig"; sourceTree = "<group>"; };
		7CC0BCEEA01F7240953B9E6E /* Pods_PhotoApp_CK.framework */ = {isa = PBXFileReference; explicitFileType = wrapper.framework; includeInIndex = 0; path = Pods_PhotoApp_CK.framework; sourceTree = BUILT_PRODUCTS_DIR; };
/* End PBXFileReference section */

/* Begin PBXFrameworksBuildPhase section */
		1F73D7542195DB7D00A53A1F /* Frameworks */ = {
			isa = PBXFrameworksBuildPhase;
			buildActionMask = 2147483647;
			files = (
				37BCFADCF36CF6A9C50C634C /* Pods_PhotoApp_CK.framework in Frameworks */,
			);
			runOnlyForDeploymentPostprocessing = 0;
		};
/* End PBXFrameworksBuildPhase section */

/* Begin PBXGroup section */
		1F68AF1F2197211200F21DD7 /* Components */ = {
			isa = PBXGroup;
			children = (
				1F68AF202197212B00F21DD7 /* PHLoadingComponent.h */,
				1F68AF212197212B00F21DD7 /* PHLoadingComponent.mm */,
				1F68AF3D21979C5600F21DD7 /* PHPhotoComponent.h */,
				1F68AF3E21979C5600F21DD7 /* PHPhotoComponent.mm */,
				1F68AF4A219883C600F21DD7 /* PHDetailComponent.h */,
				1F68AF4B219883C600F21DD7 /* PHDetailComponent.mm */,
			);
			name = Components;
			sourceTree = "<group>";
		};
		1F68AF23219794E900F21DD7 /* Data */ = {
			isa = PBXGroup;
			children = (
				1F68AF2A2197951000F21DD7 /* PAListViewModel.h */,
				1F68AF2E2197951100F21DD7 /* PAListViewModel.m */,
				1F68AF252197951000F21DD7 /* PAPhoto.h */,
				1F68AF272197951000F21DD7 /* PAPhoto.m */,
			);
			name = Data;
			sourceTree = "<group>";
		};
		1F68AF3C2197960700F21DD7 /* Network */ = {
			isa = PBXGroup;
			children = (
				1F68AF312197951100F21DD7 /* PAPhotoListReqeust.h */,
				1F68AF322197951100F21DD7 /* PAPhotoListReqeust.m */,
				1F68AF292197951000F21DD7 /* PAImageLoader.h */,
				1F68AF2D2197951100F21DD7 /* PAImageLoader.m */,
				1F68AF2B2197951000F21DD7 /* PAImageRequest.h */,
				1F68AF2C2197951100F21DD7 /* PAImageRequest.m */,
				1F68AF2F2197951100F21DD7 /* PANetworkRequest.h */,
				1F68AF262197951000F21DD7 /* PANetworkRequest.m */,
				1F68AF332197951100F21DD7 /* PANetworkService.h */,
				1F68AF242197951000F21DD7 /* PANetworkService.m */,
				1F68AF40219866E100F21DD7 /* PAImageDownloader.h */,
				1F68AF41219866E100F21DD7 /* PAImageDownloader.mm */,
			);
			name = Network;
			sourceTree = "<group>";
		};
		1F68AF49219880DB00F21DD7 /* UI */ = {
			isa = PBXGroup;
			children = (
				1F68AF4321987E3100F21DD7 /* PHRootComponentProvider.h */,
				1F68AF4421987E3100F21DD7 /* PHRootComponentProvider.mm */,
				1F73D75D2195DB7D00A53A1F /* PHViewController.h */,
				1F73D75E2195DB7D00A53A1F /* PHViewController.mm */,
				1F68AF46219880D100F21DD7 /* PHDetailViewController.h */,
				1F68AF47219880D100F21DD7 /* PHDetailViewController.mm */,
			);
			name = UI;
			sourceTree = "<group>";
		};
		1F73D74E2195DB7D00A53A1F = {
			isa = PBXGroup;
			children = (
				1F73D7592195DB7D00A53A1F /* PhotoApp_CK */,
				1F73D7582195DB7D00A53A1F /* Products */,
				1FEC1110219615A300420534 /* Frameworks */,
				CEB7C628C02CD6AC985E9FF5 /* Pods */,
			);
			sourceTree = "<group>";
		};
		1F73D7582195DB7D00A53A1F /* Products */ = {
			isa = PBXGroup;
			children = (
				1F73D7572195DB7D00A53A1F /* PhotoApp_CK.app */,
			);
			name = Products;
			sourceTree = "<group>";
		};
		1F73D7592195DB7D00A53A1F /* PhotoApp_CK */ = {
			isa = PBXGroup;
			children = (
				1F68AF49219880DB00F21DD7 /* UI */,
				1F68AF3C2197960700F21DD7 /* Network */,
				1F68AF23219794E900F21DD7 /* Data */,
				1F68AF1F2197211200F21DD7 /* Components */,
				1FEC11132196178000420534 /* Main */,
				1F73D7632195DB8000A53A1F /* Assets.xcassets */,
				1F73D7652195DB8000A53A1F /* LaunchScreen.storyboard */,
				1F73D7682195DB8000A53A1F /* Info.plist */,
				1F73D7692195DB8000A53A1F /* main.m */,
			);
			path = PhotoApp_CK;
			sourceTree = "<group>";
		};
		1FEC1110219615A300420534 /* Frameworks */ = {
			isa = PBXGroup;
			children = (
				1FEC1111219615A300420534 /* ComponentKit.framework */,
				7CC0BCEEA01F7240953B9E6E /* Pods_PhotoApp_CK.framework */,
			);
			name = Frameworks;
			sourceTree = "<group>";
		};
		1FEC11132196178000420534 /* Main */ = {
			isa = PBXGroup;
			children = (
				1F73D75A2195DB7D00A53A1F /* PHAppDelegate.h */,
				1F73D75B2195DB7D00A53A1F /* PHAppDelegate.mm */,
				1FEC1114219617B400420534 /* PHAppEngine.h */,
				1FEC1115219617B400420534 /* PHAppEngine.mm */,
			);
			name = Main;
			sourceTree = "<group>";
		};
		CEB7C628C02CD6AC985E9FF5 /* Pods */ = {
			isa = PBXGroup;
			children = (
				1D4A2615E122C680C5B6B32D /* Pods-PhotoApp_CK.debug.xcconfig */,
				4F3586260964FA38ACB78B21 /* Pods-PhotoApp_CK.release.xcconfig */,
			);
			path = Pods;
			sourceTree = "<group>";
		};
/* End PBXGroup section */

/* Begin PBXNativeTarget section */
		1F73D7562195DB7D00A53A1F /* PhotoApp_CK */ = {
			isa = PBXNativeTarget;
			buildConfigurationList = 1F73D76D2195DB8000A53A1F /* Build configuration list for PBXNativeTarget "PhotoApp_CK" */;
			buildPhases = (
				822EF6118628BBACAF09AA6B /* [CP] Check Pods Manifest.lock */,
				1F73D7532195DB7D00A53A1F /* Sources */,
				1F73D7542195DB7D00A53A1F /* Frameworks */,
				1F73D7552195DB7D00A53A1F /* Resources */,
				37F073DFA572468AB2EA58FF /* [CP] Embed Pods Frameworks */,
			);
			buildRules = (
			);
			dependencies = (
			);
			name = PhotoApp_CK;
			productName = PhotoApp_CK;
			productReference = 1F73D7572195DB7D00A53A1F /* PhotoApp_CK.app */;
			productType = "com.apple.product-type.application";
		};
/* End PBXNativeTarget section */

/* Begin PBXProject section */
		1F73D74F2195DB7D00A53A1F /* Project object */ = {
			isa = PBXProject;
			attributes = {
				CLASSPREFIX = PH;
				LastUpgradeCheck = 1000;
				ORGANIZATIONNAME = "Sidharth Juyal";
				TargetAttributes = {
					1F73D7562195DB7D00A53A1F = {
						CreatedOnToolsVersion = 10.0;
					};
				};
			};
			buildConfigurationList = 1F73D7522195DB7D00A53A1F /* Build configuration list for PBXProject "PhotoApp_CK" */;
			compatibilityVersion = "Xcode 9.3";
			developmentRegion = en;
			hasScannedForEncodings = 0;
			knownRegions = (
				en,
				Base,
			);
			mainGroup = 1F73D74E2195DB7D00A53A1F;
			productRefGroup = 1F73D7582195DB7D00A53A1F /* Products */;
			projectDirPath = "";
			projectRoot = "";
			targets = (
				1F73D7562195DB7D00A53A1F /* PhotoApp_CK */,
			);
		};
/* End PBXProject section */

/* Begin PBXResourcesBuildPhase section */
		1F73D7552195DB7D00A53A1F /* Resources */ = {
			isa = PBXResourcesBuildPhase;
			buildActionMask = 2147483647;
			files = (
				1F73D7672195DB8000A53A1F /* LaunchScreen.storyboard in Resources */,
				1F73D7642195DB8000A53A1F /* Assets.xcassets in Resources */,
			);
			runOnlyForDeploymentPostprocessing = 0;
		};
/* End PBXResourcesBuildPhase section */

/* Begin PBXShellScriptBuildPhase section */
		37F073DFA572468AB2EA58FF /* [CP] Embed Pods Frameworks */ = {
			isa = PBXShellScriptBuildPhase;
			buildActionMask = 2147483647;
			files = (
			);
			inputFileListPaths = (
				"${PODS_ROOT}/Target Support Files/Pods-PhotoApp_CK/Pods-PhotoApp_CK-frameworks-${CONFIGURATION}-input-files.xcfilelist",
			);
			name = "[CP] Embed Pods Frameworks";
			outputFileListPaths = (
				"${PODS_ROOT}/Target Support Files/Pods-PhotoApp_CK/Pods-PhotoApp_CK-frameworks-${CONFIGURATION}-output-files.xcfilelist",
			);
			runOnlyForDeploymentPostprocessing = 0;
			shellPath = /bin/sh;
			shellScript = "\"${PODS_ROOT}/Target Support Files/Pods-PhotoApp_CK/Pods-PhotoApp_CK-frameworks.sh\"\n";
			showEnvVarsInLog = 0;
		};
		822EF6118628BBACAF09AA6B /* [CP] Check Pods Manifest.lock */ = {
			isa = PBXShellScriptBuildPhase;
			buildActionMask = 2147483647;
			files = (
			);
			inputFileListPaths = (
			);
			inputPaths = (
				"${PODS_PODFILE_DIR_PATH}/Podfile.lock",
				"${PODS_ROOT}/Manifest.lock",
			);
			name = "[CP] Check Pods Manifest.lock";
			outputFileListPaths = (
			);
			outputPaths = (
				"$(DERIVED_FILE_DIR)/Pods-PhotoApp_CK-checkManifestLockResult.txt",
			);
			runOnlyForDeploymentPostprocessing = 0;
			shellPath = /bin/sh;
			shellScript = "diff \"${PODS_PODFILE_DIR_PATH}/Podfile.lock\" \"${PODS_ROOT}/Manifest.lock\" > /dev/null\nif [ $? != 0 ] ; then\n    # print error to STDERR\n    echo \"error: The sandbox is not in sync with the Podfile.lock. Run 'pod install' or update your CocoaPods installation.\" >&2\n    exit 1\nfi\n# This output is used by Xcode 'outputs' to avoid re-running this script phase.\necho \"SUCCESS\" > \"${SCRIPT_OUTPUT_FILE_0}\"\n";
			showEnvVarsInLog = 0;
		};
/* End PBXShellScriptBuildPhase section */

/* Begin PBXSourcesBuildPhase section */
		1F73D7532195DB7D00A53A1F /* Sources */ = {
			isa = PBXSourcesBuildPhase;
			buildActionMask = 2147483647;
			files = (
				1F73D75F2195DB7D00A53A1F /* PHViewController.mm in Sources */,
				1FEC1116219617B400420534 /* PHAppEngine.mm in Sources */,
				1F68AF4521987E3100F21DD7 /* PHRootComponentProvider.mm in Sources */,
				1F68AF4C219883C600F21DD7 /* PHDetailComponent.mm in Sources */,
				1F73D76A2195DB8000A53A1F /* main.m in Sources */,
				1F68AF352197951100F21DD7 /* PANetworkRequest.m in Sources */,
				1F68AF3F21979C5600F21DD7 /* PHPhotoComponent.mm in Sources */,
				1F68AF392197951100F21DD7 /* PAImageLoader.m in Sources */,
				1F73D75C2195DB7D00A53A1F /* PHAppDelegate.mm in Sources */,
				1F68AF42219866E100F21DD7 /* PAImageDownloader.mm in Sources */,
				1F68AF382197951100F21DD7 /* PAImageRequest.m in Sources */,
				1F68AF3B2197951100F21DD7 /* PAPhotoListReqeust.m in Sources */,
				1F68AF222197212B00F21DD7 /* PHLoadingComponent.mm in Sources */,
				1F68AF3A2197951100F21DD7 /* PAListViewModel.m in Sources */,
				1F68AF48219880D100F21DD7 /* PHDetailViewController.mm in Sources */,
				1F68AF342197951100F21DD7 /* PANetworkService.m in Sources */,
				1F68AF362197951100F21DD7 /* PAPhoto.m in Sources */,
			);
			runOnlyForDeploymentPostprocessing = 0;
		};
/* End PBXSourcesBuildPhase section */

/* Begin PBXVariantGroup section */
		1F73D7652195DB8000A53A1F /* LaunchScreen.storyboard */ = {
			isa = PBXVariantGroup;
			children = (
				1F73D7662195DB8000A53A1F /* Base */,
			);
			name = LaunchScreen.storyboard;
			sourceTree = "<group>";
		};
/* End PBXVariantGroup section */

/* Begin XCBuildConfiguration section */
		1F73D76B2195DB8000A53A1F /* Debug */ = {
			isa = XCBuildConfiguration;
			buildSettings = {
				ALWAYS_SEARCH_USER_PATHS = NO;
				CLANG_ANALYZER_NONNULL = YES;
				CLANG_ANALYZER_NUMBER_OBJECT_CONVERSION = YES_AGGRESSIVE;
				CLANG_CXX_LANGUAGE_STANDARD = "gnu++14";
				CLANG_CXX_LIBRARY = "libc++";
				CLANG_ENABLE_MODULES = YES;
				CLANG_ENABLE_OBJC_ARC = YES;
				CLANG_ENABLE_OBJC_WEAK = YES;
				CLANG_WARN_BLOCK_CAPTURE_AUTORELEASING = YES;
				CLANG_WARN_BOOL_CONVERSION = YES;
				CLANG_WARN_COMMA = YES;
				CLANG_WARN_CONSTANT_CONVERSION = YES;
				CLANG_WARN_DEPRECATED_OBJC_IMPLEMENTATIONS = YES;
				CLANG_WARN_DIRECT_OBJC_ISA_USAGE = YES_ERROR;
				CLANG_WARN_DOCUMENTATION_COMMENTS = YES;
				CLANG_WARN_EMPTY_BODY = YES;
				CLANG_WARN_ENUM_CONVERSION = YES;
				CLANG_WARN_INFINITE_RECURSION = YES;
				CLANG_WARN_INT_CONVERSION = YES;
				CLANG_WARN_NON_LITERAL_NULL_CONVERSION = YES;
				CLANG_WARN_OBJC_IMPLICIT_RETAIN_SELF = YES;
				CLANG_WARN_OBJC_LITERAL_CONVERSION = YES;
				CLANG_WARN_OBJC_ROOT_CLASS = YES_ERROR;
				CLANG_WARN_RANGE_LOOP_ANALYSIS = YES;
				CLANG_WARN_STRICT_PROTOTYPES = YES;
				CLANG_WARN_SUSPICIOUS_MOVE = YES;
				CLANG_WARN_UNGUARDED_AVAILABILITY = YES_AGGRESSIVE;
				CLANG_WARN_UNREACHABLE_CODE = YES;
				CLANG_WARN__DUPLICATE_METHOD_MATCH = YES;
				CODE_SIGN_IDENTITY = "iPhone Developer";
				COPY_PHASE_STRIP = NO;
				DEBUG_INFORMATION_FORMAT = dwarf;
				ENABLE_STRICT_OBJC_MSGSEND = YES;
				ENABLE_TESTABILITY = YES;
				GCC_C_LANGUAGE_STANDARD = gnu11;
				GCC_DYNAMIC_NO_PIC = NO;
				GCC_NO_COMMON_BLOCKS = YES;
				GCC_OPTIMIZATION_LEVEL = 0;
				GCC_PREPROCESSOR_DEFINITIONS = (
					"DEBUG=1",
					"$(inherited)",
				);
				GCC_WARN_64_TO_32_BIT_CONVERSION = YES;
				GCC_WARN_ABOUT_RETURN_TYPE = YES_ERROR;
				GCC_WARN_UNDECLARED_SELECTOR = YES;
				GCC_WARN_UNINITIALIZED_AUTOS = YES_AGGRESSIVE;
				GCC_WARN_UNUSED_FUNCTION = YES;
				GCC_WARN_UNUSED_VARIABLE = YES;
				IPHONEOS_DEPLOYMENT_TARGET = 12.0;
				MTL_ENABLE_DEBUG_INFO = INCLUDE_SOURCE;
				MTL_FAST_MATH = YES;
				ONLY_ACTIVE_ARCH = YES;
				SDKROOT = iphoneos;
			};
			name = Debug;
		};
		1F73D76C2195DB8000A53A1F /* Release */ = {
			isa = XCBuildConfiguration;
			buildSettings = {
				ALWAYS_SEARCH_USER_PATHS = NO;
				CLANG_ANALYZER_NONNULL = YES;
				CLANG_ANALYZER_NUMBER_OBJECT_CONVERSION = YES_AGGRESSIVE;
				CLANG_CXX_LANGUAGE_STANDARD = "gnu++14";
				CLANG_CXX_LIBRARY = "libc++";
				CLANG_ENABLE_MODULES = YES;
				CLANG_ENABLE_OBJC_ARC = YES;
				CLANG_ENABLE_OBJC_WEAK = YES;
				CLANG_WARN_BLOCK_CAPTURE_AUTORELEASING = YES;
				CLANG_WARN_BOOL_CONVERSION = YES;
				CLANG_WARN_COMMA = YES;
				CLANG_WARN_CONSTANT_CONVERSION = YES;
				CLANG_WARN_DEPRECATED_OBJC_IMPLEMENTATIONS = YES;
				CLANG_WARN_DIRECT_OBJC_ISA_USAGE = YES_ERROR;
				CLANG_WARN_DOCUMENTATION_COMMENTS = YES;
				CLANG_WARN_EMPTY_BODY = YES;
				CLANG_WARN_ENUM_CONVERSION = YES;
				CLANG_WARN_INFINITE_RECURSION = YES;
				CLANG_WARN_INT_CONVERSION = YES;
				CLANG_WARN_NON_LITERAL_NULL_CONVERSION = YES;
				CLANG_WARN_OBJC_IMPLICIT_RETAIN_SELF = YES;
				CLANG_WARN_OBJC_LITERAL_CONVERSION = YES;
				CLANG_WARN_OBJC_ROOT_CLASS = YES_ERROR;
				CLANG_WARN_RANGE_LOOP_ANALYSIS = YES;
				CLANG_WARN_STRICT_PROTOTYPES = YES;
				CLANG_WARN_SUSPICIOUS_MOVE = YES;
				CLANG_WARN_UNGUARDED_AVAILABILITY = YES_AGGRESSIVE;
				CLANG_WARN_UNREACHABLE_CODE = YES;
				CLANG_WARN__DUPLICATE_METHOD_MATCH = YES;
				CODE_SIGN_IDENTITY = "iPhone Developer";
				COPY_PHASE_STRIP = NO;
				DEBUG_INFORMATION_FORMAT = "dwarf-with-dsym";
				ENABLE_NS_ASSERTIONS = NO;
				ENABLE_STRICT_OBJC_MSGSEND = YES;
				GCC_C_LANGUAGE_STANDARD = gnu11;
				GCC_NO_COMMON_BLOCKS = YES;
				GCC_WARN_64_TO_32_BIT_CONVERSION = YES;
				GCC_WARN_ABOUT_RETURN_TYPE = YES_ERROR;
				GCC_WARN_UNDECLARED_SELECTOR = YES;
				GCC_WARN_UNINITIALIZED_AUTOS = YES_AGGRESSIVE;
				GCC_WARN_UNUSED_FUNCTION = YES;
				GCC_WARN_UNUSED_VARIABLE = YES;
				IPHONEOS_DEPLOYMENT_TARGET = 12.0;
				MTL_ENABLE_DEBUG_INFO = NO;
				MTL_FAST_MATH = YES;
				SDKROOT = iphoneos;
				VALIDATE_PRODUCT = YES;
			};
			name = Release;
		};
		1F73D76E2195DB8000A53A1F /* Debug */ = {
			isa = XCBuildConfiguration;
			baseConfigurationReference = 1D4A2615E122C680C5B6B32D /* Pods-PhotoApp_CK.debug.xcconfig */;
			buildSettings = {
				ASSETCATALOG_COMPILER_APPICON_NAME = AppIcon;
				CODE_SIGN_STYLE = Automatic;
				DEVELOPMENT_TEAM = FAAALUHC5H;
				GCC_TREAT_IMPLICIT_FUNCTION_DECLARATIONS_AS_ERRORS = YES;
				GCC_TREAT_WARNINGS_AS_ERRORS = YES;
				GCC_WARN_ABOUT_MISSING_PROTOTYPES = YES;
				INFOPLIST_FILE = PhotoApp_CK/Info.plist;
				LD_RUNPATH_SEARCH_PATHS = (
					"$(inherited)",
					"@executable_path/Frameworks",
				);
				PRODUCT_BUNDLE_IDENTIFIER = "com.whackylabs.demo.PhotoApp-CK";
				PRODUCT_NAME = "$(TARGET_NAME)";
				TARGETED_DEVICE_FAMILY = "1,2";
			};
			name = Debug;
		};
		1F73D76F2195DB8000A53A1F /* Release */ = {
			isa = XCBuildConfiguration;
			baseConfigurationReference = 4F3586260964FA38ACB78B21 /* Pods-PhotoApp_CK.release.xcconfig */;
			buildSettings = {
				ASSETCATALOG_COMPILER_APPICON_NAME = AppIcon;
				CODE_SIGN_STYLE = Automatic;
				DEVELOPMENT_TEAM = FAAALUHC5H;
				GCC_TREAT_IMPLICIT_FUNCTION_DECLARATIONS_AS_ERRORS = YES;
				GCC_TREAT_WARNINGS_AS_ERRORS = YES;
				GCC_WARN_ABOUT_MISSING_PROTOTYPES = YES;
				INFOPLIST_FILE = PhotoApp_CK/Info.plist;
				LD_RUNPATH_SEARCH_PATHS = (
					"$(inherited)",
					"@executable_path/Frameworks",
				);
				PRODUCT_BUNDLE_IDENTIFIER = "com.whackylabs.demo.PhotoApp-CK";
				PRODUCT_NAME = "$(TARGET_NAME)";
				TARGETED_DEVICE_FAMILY = "1,2";
			};
			name = Release;
		};
/* End XCBuildConfiguration section */

/* Begin XCConfigurationList section */
		1F73D7522195DB7D00A53A1F /* Build configuration list for PBXProject "PhotoApp_CK" */ = {
			isa = XCConfigurationList;
			buildConfigurations = (
				1F73D76B2195DB8000A53A1F /* Debug */,
				1F73D76C2195DB8000A53A1F /* Release */,
			);
			defaultConfigurationIsVisible = 0;
			defaultConfigurationName = Release;
		};
		1F73D76D2195DB8000A53A1F /* Build configuration list for PBXNativeTarget "PhotoApp_CK" */ = {
			isa = XCConfigurationList;
			buildConfigurations = (
				1F73D76E2195DB8000A53A1F /* Debug */,
				1F73D76F2195DB8000A53A1F /* Release */,
			);
			defaultConfigurationIsVisible = 0;
			defaultConfigurationName = Release;
		};
/* End XCConfigurationList section */
	};
	rootObject = 1F73D74F2195DB7D00A53A1F /* Project object */;
}
