
Microsoft Visual Studio Solution File, Format Version 12.00
# Visual Studio Version 17
VisualStudioVersion = 17.5.002.0
MinimumVisualStudioVersion = 10.0.40219.1
Project("{9A19103F-16F7-4668-BE54-9A1E7A4F7556}") = "PhotoApp", "PhotoApp.csproj", "{0199DFAE-786F-4D33-BC0C-C96AC4F86000}"
EndProject
Global
	GlobalSection(SolutionConfigurationPlatforms) = preSolution
		Debug|Any CPU = Debug|Any CPU
		Release|Any CPU = Release|Any CPU
	EndGlobalSection
	GlobalSection(ProjectConfigurationPlatforms) = postSolution
		{0199DFAE-786F-4D33-BC0C-C96AC4F86000}.Debug|Any CPU.ActiveCfg = Debug|Any CPU
		{0199DFAE-786F-4D33-BC0C-C96AC4F86000}.Debug|Any CPU.Build.0 = Debug|Any CPU
		{0199DFAE-786F-4D33-BC0C-C96AC4F86000}.Release|Any CPU.ActiveCfg = Release|Any CPU
		{0199DFAE-786F-4D33-BC0C-C96AC4F86000}.Release|Any CPU.Build.0 = Release|Any CPU
	EndGlobalSection
	GlobalSection(SolutionProperties) = preSolution
		HideSolutionNode = FALSE
	EndGlobalSection
	GlobalSection(ExtensibilityGlobals) = postSolution
		SolutionGuid = {EE04934A-F0B4-49AE-8B27-CDA8DE8E343B}
	EndGlobalSection
EndGlobal
