// !$*UTF8*$!
{
	archiveVersion = 1;
	classes = {
	};
	objectVersion = 50;
	objects = {

/* Begin PBXBuildFile section */
		1F1039E721A9CB4D00E5EE2F /* Main.storyboard in Resources */ = {isa = PBXBuildFile; fileRef = 1F1039E521A9CB4D00E5EE2F /* Main.storyboard */; };
		1F1039E921A9CB4F00E5EE2F /* Assets.xcassets in Resources */ = {isa = PBXBuildFile; fileRef = 1F1039E821A9CB4F00E5EE2F /* Assets.xcassets */; };
		1F1039EC21A9CB4F00E5EE2F /* LaunchScreen.storyboard in Resources */ = {isa = PBXBuildFile; fileRef = 1F1039EA21A9CB4F00E5EE2F /* LaunchScreen.storyboard */; };
		1F1039FC21A9CC0A00E5EE2F /* main.mm in Sources */ = {isa = PBXBuildFile; fileRef = 1F1039F921A9CC0A00E5EE2F /* main.mm */; };
		1F1039FD21A9CC0A00E5EE2F /* AppDelegate.mm in Sources */ = {isa = PBXBuildFile; fileRef = 1F1039FA21A9CC0A00E5EE2F /* AppDelegate.mm */; };
		1F1039FE21A9CC0A00E5EE2F /* ViewController.mm in Sources */ = {isa = PBXBuildFile; fileRef = 1F1039FB21A9CC0A00E5EE2F /* ViewController.mm */; };
		1F103A6421A9DDD600E5EE2F /* PAPhotoapp+Private.mm in Sources */ = {isa = PBXBuildFile; fileRef = 1F103A3C21A9D81800E5EE2F /* PAPhotoapp+Private.mm */; };
		1F103A8321A9E01900E5EE2F /* photoappImpl.cpp in Sources */ = {isa = PBXBuildFile; fileRef = 1F103A8221A9E01900E5EE2F /* photoappImpl.cpp */; };
		1F5D8F9321AAE31F00C30EA5 /* DJIProxyCaches.mm in Sources */ = {isa = PBXBuildFile; fileRef = 1F5D8F8D21AAE31E00C30EA5 /* DJIProxyCaches.mm */; };
		1F5D8F9421AAE31F00C30EA5 /* DJIError.mm in Sources */ = {isa = PBXBuildFile; fileRef = 1F5D8F9021AAE31E00C30EA5 /* DJIError.mm */; };
		1F5D8F9721AAE36A00C30EA5 /* UIKit.framework in Frameworks */ = {isa = PBXBuildFile; fileRef = 1F5D8F9621AAE36A00C30EA5 /* UIKit.framework */; };
/* End PBXBuildFile section */

/* Begin PBXFileReference section */
		1F1039DC21A9CB4D00E5EE2F /* PhotoApp.app */ = {isa = PBXFileReference; explicitFileType = wrapper.application; includeInIndex = 0; path = PhotoApp.app; sourceTree = BUILT_PRODUCTS_DIR; };
		1F1039E621A9CB4D00E5EE2F /* Base */ = {isa = PBXFileReference; lastKnownFileType = file.storyboard; name = Base; path = Base.lproj/Main.storyboard; sourceTree = "<group>"; };
		1F1039E821A9CB4F00E5EE2F /* Assets.xcassets */ = {isa = PBXFileReference; lastKnownFileType = folder.assetcatalog; path = Assets.xcassets; sourceTree = "<group>"; };
		1F1039EB21A9CB4F00E5EE2F /* Base */ = {isa = PBXFileReference; lastKnownFileType = file.storyboard; name = Base; path = Base.lproj/LaunchScreen.storyboard; sourceTree = "<group>"; };
		1F1039ED21A9CB4F00E5EE2F /* Info.plist */ = {isa = PBXFileReference; lastKnownFileType = text.plist.xml; path = Info.plist; sourceTree = "<group>"; };
		1F1039F721A9CC0A00E5EE2F /* AppDelegate.h */ = {isa = PBXFileReference; fileEncoding = 4; lastKnownFileType = sourcecode.c.h; name = AppDelegate.h; path = PhotoApp/AppDelegate.h; sourceTree = SOURCE_ROOT; };
		1F1039F821A9CC0A00E5EE2F /* ViewController.h */ = {isa = PBXFileReference; fileEncoding = 4; lastKnownFileType = sourcecode.c.h; name = ViewController.h; path = PhotoApp/ViewController.h; sourceTree = SOURCE_ROOT; };
		1F1039F921A9CC0A00E5EE2F /* main.mm */ = {isa = PBXFileReference; fileEncoding = 4; lastKnownFileType = sourcecode.cpp.objcpp; name = main.mm; path = PhotoApp/main.mm; sourceTree = SOURCE_ROOT; };
		1F1039FA21A9CC0A00E5EE2F /* AppDelegate.mm */ = {isa = PBXFileReference; fileEncoding = 4; lastKnownFileType = sourcecode.cpp.objcpp; name = AppDelegate.mm; path = PhotoApp/AppDelegate.mm; sourceTree = SOURCE_ROOT; };
		1F1039FB21A9CC0A00E5EE2F /* ViewController.mm */ = {isa = PBXFileReference; fileEncoding = 4; lastKnownFileType = sourcecode.cpp.objcpp; name = ViewController.mm; path = PhotoApp/ViewController.mm; sourceTree = SOURCE_ROOT; };
		1F103A3A21A9D81800E5EE2F /* PAPhotoapp+Private.h */ = {isa = PBXFileReference; fileEncoding = 4; lastKnownFileType = sourcecode.c.h; name = "PAPhotoapp+Private.h"; path = "../../shared/generated-src/objc/PAPhotoapp+Private.h"; sourceTree = "<group>"; };
		1F103A3B21A9D81800E5EE2F /* PAPhotoapp.h */ = {isa = PBXFileReference; fileEncoding = 4; lastKnownFileType = sourcecode.c.h; name = PAPhotoapp.h; path = "../../shared/generated-src/objc/PAPhotoapp.h"; sourceTree = "<group>"; };
		1F103A3C21A9D81800E5EE2F /* PAPhotoapp+Private.mm */ = {isa = PBXFileReference; fileEncoding = 4; lastKnownFileType = sourcecode.cpp.objcpp; name = "PAPhotoapp+Private.mm"; path = "../../shared/generated-src/objc/PAPhotoapp+Private.mm"; sourceTree = "<group>"; };
		1F103A8121A9E01900E5EE2F /* photoappImpl.hpp */ = {isa = PBXFileReference; fileEncoding = 4; lastKnownFileType = sourcecode.cpp.h; path = photoappImpl.hpp; sourceTree = "<group>"; };
		1F103A8221A9E01900E5EE2F /* photoappImpl.cpp */ = {isa = PBXFileReference; fileEncoding = 4; lastKnownFileType = sourcecode.cpp.cpp; path = photoappImpl.cpp; sourceTree = "<group>"; };
		1F5D8F8A21AAE2FC00C30EA5 /* djinni_common.hpp */ = {isa = PBXFileReference; lastKnownFileType = sourcecode.cpp.h; name = djinni_common.hpp; path = "../../shared/support-lib/djinni_common.hpp"; sourceTree = "<group>"; };
		1F5D8F8B21AAE30900C30EA5 /* proxy_cache_interface.hpp */ = {isa = PBXFileReference; fileEncoding = 4; lastKnownFileType = sourcecode.cpp.h; name = proxy_cache_interface.hpp; path = "../../shared/support-lib/proxy_cache_interface.hpp"; sourceTree = "<group>"; };
		1F5D8F8C21AAE30900C30EA5 /* proxy_cache_impl.hpp */ = {isa = PBXFileReference; fileEncoding = 4; lastKnownFileType = sourcecode.cpp.h; name = proxy_cache_impl.hpp; path = "../../shared/support-lib/proxy_cache_impl.hpp"; sourceTree = "<group>"; };
		1F5D8F8D21AAE31E00C30EA5 /* DJIProxyCaches.mm */ = {isa = PBXFileReference; fileEncoding = 4; lastKnownFileType = sourcecode.cpp.objcpp; name = DJIProxyCaches.mm; path = "../../shared/support-lib/objc/DJIProxyCaches.mm"; sourceTree = "<group>"; };
		1F5D8F8E21AAE31E00C30EA5 /* DJICppWrapperCache+Private.h */ = {isa = PBXFileReference; fileEncoding = 4; lastKnownFileType = sourcecode.c.h; name = "DJICppWrapperCache+Private.h"; path = "../../shared/support-lib/objc/DJICppWrapperCache+Private.h"; sourceTree = "<group>"; };
		1F5D8F8F21AAE31E00C30EA5 /* DJIError.h */ = {isa = PBXFileReference; fileEncoding = 4; lastKnownFileType = sourcecode.c.h; name = DJIError.h; path = "../../shared/support-lib/objc/DJIError.h"; sourceTree = "<group>"; };
		1F5D8F9021AAE31E00C30EA5 /* DJIError.mm */ = {isa = PBXFileReference; fileEncoding = 4; lastKnownFileType = sourcecode.cpp.objcpp; name = DJIError.mm; path = "../../shared/support-lib/objc/DJIError.mm"; sourceTree = "<group>"; };
		1F5D8F9121AAE31E00C30EA5 /* DJIMarshal+Private.h */ = {isa = PBXFileReference; fileEncoding = 4; lastKnownFileType = sourcecode.c.h; name = "DJIMarshal+Private.h"; path = "../../shared/support-lib/objc/DJIMarshal+Private.h"; sourceTree = "<group>"; };
		1F5D8F9221AAE31E00C30EA5 /* DJIObjcWrapperCache+Private.h */ = {isa = PBXFileReference; fileEncoding = 4; lastKnownFileType = sourcecode.c.h; name = "DJIObjcWrapperCache+Private.h"; path = "../../shared/support-lib/objc/DJIObjcWrapperCache+Private.h"; sourceTree = "<group>"; };
		1F5D8F9621AAE36A00C30EA5 /* UIKit.framework */ = {isa = PBXFileReference; lastKnownFileType = wrapper.framework; name = UIKit.framework; path = System/Library/Frameworks/UIKit.framework; sourceTree = SDKROOT; };
/* End PBXFileReference section */

/* Begin PBXFrameworksBuildPhase section */
		1F1039D921A9CB4D00E5EE2F /* Frameworks */ = {
			isa = PBXFrameworksBuildPhase;
			buildActionMask = 2147483647;
			files = (
				1F5D8F9721AAE36A00C30EA5 /* UIKit.framework in Frameworks */,
			);
			runOnlyForDeploymentPostprocessing = 0;
		};
/* End PBXFrameworksBuildPhase section */

/* Begin PBXGroup section */
		1F1039D321A9CB4D00E5EE2F = {
			isa = PBXGroup;
			children = (
				1F1039DE21A9CB4D00E5EE2F /* PhotoApp */,
				1F1039DD21A9CB4D00E5EE2F /* Products */,
				1F5D8F9521AAE36A00C30EA5 /* Frameworks */,
			);
			sourceTree = "<group>";
		};
		1F1039DD21A9CB4D00E5EE2F /* Products */ = {
			isa = PBXGroup;
			children = (
				1F1039DC21A9CB4D00E5EE2F /* PhotoApp.app */,
			);
			name = Products;
			sourceTree = "<group>";
		};
		1F1039DE21A9CB4D00E5EE2F /* PhotoApp */ = {
			isa = PBXGroup;
			children = (
				1F103A8421A9E01E00E5EE2F /* lib */,
				1F103A7A21A9DF1E00E5EE2F /* Support Lib */,
				1F103A3921A9D7C500E5EE2F /* generated-src */,
				1F103A0021A9CC5B00E5EE2F /* Classes */,
				1F103A0121A9CC7200E5EE2F /* Resources */,
			);
			path = PhotoApp;
			sourceTree = "<group>";
		};
		1F103A0021A9CC5B00E5EE2F /* Classes */ = {
			isa = PBXGroup;
			children = (
				1F1039F721A9CC0A00E5EE2F /* AppDelegate.h */,
				1F1039FA21A9CC0A00E5EE2F /* AppDelegate.mm */,
				1F1039F921A9CC0A00E5EE2F /* main.mm */,
				1F1039F821A9CC0A00E5EE2F /* ViewController.h */,
				1F1039FB21A9CC0A00E5EE2F /* ViewController.mm */,
			);
			name = Classes;
			sourceTree = "<group>";
		};
		1F103A0121A9CC7200E5EE2F /* Resources */ = {
			isa = PBXGroup;
			children = (
				1F1039E521A9CB4D00E5EE2F /* Main.storyboard */,
				1F1039E821A9CB4F00E5EE2F /* Assets.xcassets */,
				1F1039EA21A9CB4F00E5EE2F /* LaunchScreen.storyboard */,
				1F1039ED21A9CB4F00E5EE2F /* Info.plist */,
			);
			name = Resources;
			sourceTree = "<group>";
		};
		1F103A3921A9D7C500E5EE2F /* generated-src */ = {
			isa = PBXGroup;
			children = (
				1F103A3B21A9D81800E5EE2F /* PAPhotoapp.h */,
				1F103A3A21A9D81800E5EE2F /* PAPhotoapp+Private.h */,
				1F103A3C21A9D81800E5EE2F /* PAPhotoapp+Private.mm */,
			);
			name = "generated-src";
			sourceTree = "<group>";
		};
		1F103A7A21A9DF1E00E5EE2F /* Support Lib */ = {
			isa = PBXGroup;
			children = (
				1F5D8F8A21AAE2FC00C30EA5 /* djinni_common.hpp */,
				1F5D8F8C21AAE30900C30EA5 /* proxy_cache_impl.hpp */,
				1F5D8F8B21AAE30900C30EA5 /* proxy_cache_interface.hpp */,
				1F5D8F8E21AAE31E00C30EA5 /* DJICppWrapperCache+Private.h */,
				1F5D8F8F21AAE31E00C30EA5 /* DJIError.h */,
				1F5D8F9021AAE31E00C30EA5 /* DJIError.mm */,
				1F5D8F9121AAE31E00C30EA5 /* DJIMarshal+Private.h */,
				1F5D8F9221AAE31E00C30EA5 /* DJIObjcWrapperCache+Private.h */,
				1F5D8F8D21AAE31E00C30EA5 /* DJIProxyCaches.mm */,
			);
			name = "Support Lib";
			sourceTree = "<group>";
		};
		1F103A8421A9E01E00E5EE2F /* lib */ = {
			isa = PBXGroup;
			children = (
				1F103A8221A9E01900E5EE2F /* photoappImpl.cpp */,
				1F103A8121A9E01900E5EE2F /* photoappImpl.hpp */,
			);
			name = lib;
			sourceTree = "<group>";
		};
		1F5D8F9521AAE36A00C30EA5 /* Frameworks */ = {
			isa = PBXGroup;
			children = (
				1F5D8F9621AAE36A00C30EA5 /* UIKit.framework */,
			);
			name = Frameworks;
			sourceTree = "<group>";
		};
/* End PBXGroup section */

/* Begin PBXNativeTarget section */
		1F1039DB21A9CB4D00E5EE2F /* PhotoApp */ = {
			isa = PBXNativeTarget;
			buildConfigurationList = 1F1039F221A9CB4F00E5EE2F /* Build configuration list for PBXNativeTarget "PhotoApp" */;
			buildPhases = (
				1F1039D821A9CB4D00E5EE2F /* Sources */,
				1F1039D921A9CB4D00E5EE2F /* Frameworks */,
				1F1039DA21A9CB4D00E5EE2F /* Resources */,
			);
			buildRules = (
			);
			dependencies = (
			);
			name = PhotoApp;
			productName = PhotoApp;
			productReference = 1F1039DC21A9CB4D00E5EE2F /* PhotoApp.app */;
			productType = "com.apple.product-type.application";
		};
/* End PBXNativeTarget section */

/* Begin PBXProject section */
		1F1039D421A9CB4D00E5EE2F /* Project object */ = {
			isa = PBXProject;
			attributes = {
				LastUpgradeCheck = 1000;
				ORGANIZATIONNAME = "Sidharth Juyal";
				TargetAttributes = {
					1F1039DB21A9CB4D00E5EE2F = {
						CreatedOnToolsVersion = 10.0;
					};
				};
			};
			buildConfigurationList = 1F1039D721A9CB4D00E5EE2F /* Build configuration list for PBXProject "PhotoApp" */;
			compatibilityVersion = "Xcode 9.3";
			developmentRegion = en;
			hasScannedForEncodings = 0;
			knownRegions = (
				en,
				Base,
			);
			mainGroup = 1F1039D321A9CB4D00E5EE2F;
			productRefGroup = 1F1039DD21A9CB4D00E5EE2F /* Products */;
			projectDirPath = "";
			projectRoot = "";
			targets = (
				1F1039DB21A9CB4D00E5EE2F /* PhotoApp */,
			);
		};
/* End PBXProject section */

/* Begin PBXResourcesBuildPhase section */
		1F1039DA21A9CB4D00E5EE2F /* Resources */ = {
			isa = PBXResourcesBuildPhase;
			buildActionMask = 2147483647;
			files = (
				1F1039EC21A9CB4F00E5EE2F /* LaunchScreen.storyboard in Resources */,
				1F1039E921A9CB4F00E5EE2F /* Assets.xcassets in Resources */,
				1F1039E721A9CB4D00E5EE2F /* Main.storyboard in Resources */,
			);
			runOnlyForDeploymentPostprocessing = 0;
		};
/* End PBXResourcesBuildPhase section */

/* Begin PBXSourcesBuildPhase section */
		1F1039D821A9CB4D00E5EE2F /* Sources */ = {
			isa = PBXSourcesBuildPhase;
			buildActionMask = 2147483647;
			files = (
				1F5D8F9421AAE31F00C30EA5 /* DJIError.mm in Sources */,
				1F1039FE21A9CC0A00E5EE2F /* ViewController.mm in Sources */,
				1F1039FD21A9CC0A00E5EE2F /* AppDelegate.mm in Sources */,
				1F1039FC21A9CC0A00E5EE2F /* main.mm in Sources */,
				1F103A6421A9DDD600E5EE2F /* PAPhotoapp+Private.mm in Sources */,
				1F103A8321A9E01900E5EE2F /* photoappImpl.cpp in Sources */,
				1F5D8F9321AAE31F00C30EA5 /* DJIProxyCaches.mm in Sources */,
			);
			runOnlyForDeploymentPostprocessing = 0;
		};
/* End PBXSourcesBuildPhase section */

/* Begin PBXVariantGroup section */
		1F1039E521A9CB4D00E5EE2F /* Main.storyboard */ = {
			isa = PBXVariantGroup;
			children = (
				1F1039E621A9CB4D00E5EE2F /* Base */,
			);
			name = Main.storyboard;
			sourceTree = "<group>";
		};
		1F1039EA21A9CB4F00E5EE2F /* LaunchScreen.storyboard */ = {
			isa = PBXVariantGroup;
			children = (
				1F1039EB21A9CB4F00E5EE2F /* Base */,
			);
			name = LaunchScreen.storyboard;
			sourceTree = "<group>";
		};
/* End PBXVariantGroup section */

/* Begin XCBuildConfiguration section */
		1F1039F021A9CB4F00E5EE2F /* Debug */ = {
			isa = XCBuildConfiguration;
			buildSettings = {
				ALWAYS_SEARCH_USER_PATHS = NO;
				CLANG_ANALYZER_NONNULL = YES;
				CLANG_ANALYZER_NUMBER_OBJECT_CONVERSION = YES_AGGRESSIVE;
				CLANG_CXX_LANGUAGE_STANDARD = "gnu++14";
				CLANG_CXX_LIBRARY = "libc++";
				CLANG_ENABLE_MODULES = YES;
				CLANG_ENABLE_OBJC_ARC = YES;
				CLANG_ENABLE_OBJC_WEAK = YES;
				CLANG_WARN_BLOCK_CAPTURE_AUTORELEASING = YES;
				CLANG_WARN_BOOL_CONVERSION = YES;
				CLANG_WARN_COMMA = YES;
				CLANG_WARN_CONSTANT_CONVERSION = YES;
				CLANG_WARN_DEPRECATED_OBJC_IMPLEMENTATIONS = YES;
				CLANG_WARN_DIRECT_OBJC_ISA_USAGE = YES_ERROR;
				CLANG_WARN_DOCUMENTATION_COMMENTS = YES;
				CLANG_WARN_EMPTY_BODY = YES;
				CLANG_WARN_ENUM_CONVERSION = YES;
				CLANG_WARN_INFINITE_RECURSION = YES;
				CLANG_WARN_INT_CONVERSION = YES;
				CLANG_WARN_NON_LITERAL_NULL_CONVERSION = YES;
				CLANG_WARN_OBJC_IMPLICIT_RETAIN_SELF = YES;
				CLANG_WARN_OBJC_LITERAL_CONVERSION = YES;
				CLANG_WARN_OBJC_ROOT_CLASS = YES_ERROR;
				CLANG_WARN_RANGE_LOOP_ANALYSIS = YES;
				CLANG_WARN_STRICT_PROTOTYPES = YES;
				CLANG_WARN_SUSPICIOUS_MOVE = YES;
				CLANG_WARN_UNGUARDED_AVAILABILITY = YES_AGGRESSIVE;
				CLANG_WARN_UNREACHABLE_CODE = YES;
				CLANG_WARN__DUPLICATE_METHOD_MATCH = YES;
				CODE_SIGN_IDENTITY = "iPhone Developer";
				COPY_PHASE_STRIP = NO;
				DEBUG_INFORMATION_FORMAT = dwarf;
				ENABLE_STRICT_OBJC_MSGSEND = YES;
				ENABLE_TESTABILITY = YES;
				GCC_C_LANGUAGE_STANDARD = gnu11;
				GCC_DYNAMIC_NO_PIC = NO;
				GCC_NO_COMMON_BLOCKS = YES;
				GCC_OPTIMIZATION_LEVEL = 0;
				GCC_PREPROCESSOR_DEFINITIONS = (
					"DEBUG=1",
					"$(inherited)",
				);
				GCC_WARN_64_TO_32_BIT_CONVERSION = YES;
				GCC_WARN_ABOUT_RETURN_TYPE = YES_ERROR;
				GCC_WARN_UNDECLARED_SELECTOR = YES;
				GCC_WARN_UNINITIALIZED_AUTOS = YES_AGGRESSIVE;
				GCC_WARN_UNUSED_FUNCTION = YES;
				GCC_WARN_UNUSED_VARIABLE = YES;
				IPHONEOS_DEPLOYMENT_TARGET = 12.0;
				MTL_ENABLE_DEBUG_INFO = INCLUDE_SOURCE;
				MTL_FAST_MATH = YES;
				ONLY_ACTIVE_ARCH = YES;
				SDKROOT = iphoneos;
			};
			name = Debug;
		};
		1F1039F121A9CB4F00E5EE2F /* Release */ = {
			isa = XCBuildConfiguration;
			buildSettings = {
				ALWAYS_SEARCH_USER_PATHS = NO;
				CLANG_ANALYZER_NONNULL = YES;
				CLANG_ANALYZER_NUMBER_OBJECT_CONVERSION = YES_AGGRESSIVE;
				CLANG_CXX_LANGUAGE_STANDARD = "gnu++14";
				CLANG_CXX_LIBRARY = "libc++";
				CLANG_ENABLE_MODULES = YES;
				CLANG_ENABLE_OBJC_ARC = YES;
				CLANG_ENABLE_OBJC_WEAK = YES;
				CLANG_WARN_BLOCK_CAPTURE_AUTORELEASING = YES;
				CLANG_WARN_BOOL_CONVERSION = YES;
				CLANG_WARN_COMMA = YES;
				CLANG_WARN_CONSTANT_CONVERSION = YES;
				CLANG_WARN_DEPRECATED_OBJC_IMPLEMENTATIONS = YES;
				CLANG_WARN_DIRECT_OBJC_ISA_USAGE = YES_ERROR;
				CLANG_WARN_DOCUMENTATION_COMMENTS = YES;
				CLANG_WARN_EMPTY_BODY = YES;
				CLANG_WARN_ENUM_CONVERSION = YES;
				CLANG_WARN_INFINITE_RECURSION = YES;
				CLANG_WARN_INT_CONVERSION = YES;
				CLANG_WARN_NON_LITERAL_NULL_CONVERSION = YES;
				CLANG_WARN_OBJC_IMPLICIT_RETAIN_SELF = YES;
				CLANG_WARN_OBJC_LITERAL_CONVERSION = YES;
				CLANG_WARN_OBJC_ROOT_CLASS = YES_ERROR;
				CLANG_WARN_RANGE_LOOP_ANALYSIS = YES;
				CLANG_WARN_STRICT_PROTOTYPES = YES;
				CLANG_WARN_SUSPICIOUS_MOVE = YES;
				CLANG_WARN_UNGUARDED_AVAILABILITY = YES_AGGRESSIVE;
				CLANG_WARN_UNREACHABLE_CODE = YES;
				CLANG_WARN__DUPLICATE_METHOD_MATCH = YES;
				CODE_SIGN_IDENTITY = "iPhone Developer";
				COPY_PHASE_STRIP = NO;
				DEBUG_INFORMATION_FORMAT = "dwarf-with-dsym";
				ENABLE_NS_ASSERTIONS = NO;
				ENABLE_STRICT_OBJC_MSGSEND = YES;
				GCC_C_LANGUAGE_STANDARD = gnu11;
				GCC_NO_COMMON_BLOCKS = YES;
				GCC_WARN_64_TO_32_BIT_CONVERSION = YES;
				GCC_WARN_ABOUT_RETURN_TYPE = YES_ERROR;
				GCC_WARN_UNDECLARED_SELECTOR = YES;
				GCC_WARN_UNINITIALIZED_AUTOS = YES_AGGRESSIVE;
				GCC_WARN_UNUSED_FUNCTION = YES;
				GCC_WARN_UNUSED_VARIABLE = YES;
				IPHONEOS_DEPLOYMENT_TARGET = 12.0;
				MTL_ENABLE_DEBUG_INFO = NO;
				MTL_FAST_MATH = YES;
				SDKROOT = iphoneos;
				VALIDATE_PRODUCT = YES;
			};
			name = Release;
		};
		1F1039F321A9CB4F00E5EE2F /* Debug */ = {
			isa = XCBuildConfiguration;
			buildSettings = {
				ASSETCATALOG_COMPILER_APPICON_NAME = AppIcon;
				CODE_SIGN_STYLE = Automatic;
				DEVELOPMENT_TEAM = FAAALUHC5H;
				HEADER_SEARCH_PATHS = "$(SRCROOT)/../shared/generated-src/cpp";
				INFOPLIST_FILE = PhotoApp/Info.plist;
				LD_RUNPATH_SEARCH_PATHS = (
					"$(inherited)",
					"@executable_path/Frameworks",
				);
				PRODUCT_BUNDLE_IDENTIFIER = com.whackylabs.demo.PhotoApp;
				PRODUCT_NAME = "$(TARGET_NAME)";
				TARGETED_DEVICE_FAMILY = "1,2";
			};
			name = Debug;
		};
		1F1039F421A9CB4F00E5EE2F /* Release */ = {
			isa = XCBuildConfiguration;
			buildSettings = {
				ASSETCATALOG_COMPILER_APPICON_NAME = AppIcon;
				CODE_SIGN_STYLE = Automatic;
				DEVELOPMENT_TEAM = FAAALUHC5H;
				HEADER_SEARCH_PATHS = "$(SRCROOT)/../shared/generated-src/cpp";
				INFOPLIST_FILE = PhotoApp/Info.plist;
				LD_RUNPATH_SEARCH_PATHS = (
					"$(inherited)",
					"@executable_path/Frameworks",
				);
				PRODUCT_BUNDLE_IDENTIFIER = com.whackylabs.demo.PhotoApp;
				PRODUCT_NAME = "$(TARGET_NAME)";
				TARGETED_DEVICE_FAMILY = "1,2";
			};
			name = Release;
		};
/* End XCBuildConfiguration section */

/* Begin XCConfigurationList section */
		1F1039D721A9CB4D00E5EE2F /* Build configuration list for PBXProject "PhotoApp" */ = {
			isa = XCConfigurationList;
			buildConfigurations = (
				1F1039F021A9CB4F00E5EE2F /* Debug */,
				1F1039F121A9CB4F00E5EE2F /* Release */,
			);
			defaultConfigurationIsVisible = 0;
			defaultConfigurationName = Release;
		};
		1F1039F221A9CB4F00E5EE2F /* Build configuration list for PBXNativeTarget "PhotoApp" */ = {
			isa = XCConfigurationList;
			buildConfigurations = (
				1F1039F321A9CB4F00E5EE2F /* Debug */,
				1F1039F421A9CB4F00E5EE2F /* Release */,
			);
			defaultConfigurationIsVisible = 0;
			defaultConfigurationName = Release;
		};
/* End XCConfigurationList section */
	};
	rootObject = 1F1039D421A9CB4D00E5EE2F /* Project object */;
}
