// !$*UTF8*$!
{
	archiveVersion = 1;
	classes = {
	};
	objectVersion = 50;
	objects = {

/* Begin PBXBuildFile section */
		1F481A2B217CA2FC00928D2A /* AppDelegate.swift in Sources */ = {isa = PBXBuildFile; fileRef = 1F481A2A217CA2FC00928D2A /* AppDelegate.swift */; };
		1F481A32217CA2FD00928D2A /* Assets.xcassets in Resources */ = {isa = PBXBuildFile; fileRef = 1F481A31217CA2FD00928D2A /* Assets.xcassets */; };
		1F481A35217CA2FD00928D2A /* LaunchScreen.storyboard in Resources */ = {isa = PBXBuildFile; fileRef = 1F481A33217CA2FD00928D2A /* LaunchScreen.storyboard */; };
		1F481A4E217CA47100928D2A /* FBSnapshotTestCase.framework in Frameworks */ = {isa = PBXBuildFile; fileRef = 1F481A4D217CA47100928D2A /* FBSnapshotTestCase.framework */; };
		1F481A50217CA61B00928D2A /* AppEngine.swift in Sources */ = {isa = PBXBuildFile; fileRef = 1F481A4F217CA61B00928D2A /* AppEngine.swift */; };
		1F481A53217CA66900928D2A /* ListViewController.swift in Sources */ = {isa = PBXBuildFile; fileRef = 1F481A51217CA66900928D2A /* ListViewController.swift */; };
		1F481A54217CA66900928D2A /* ListViewController.xib in Resources */ = {isa = PBXBuildFile; fileRef = 1F481A52217CA66900928D2A /* ListViewController.xib */; };
		1F481A59217CA6EC00928D2A /* ImageCollectionViewCell.swift in Sources */ = {isa = PBXBuildFile; fileRef = 1F481A57217CA6EC00928D2A /* ImageCollectionViewCell.swift */; };
		1F481A61217CA8B200928D2A /* ListViewControllerTests.swift in Sources */ = {isa = PBXBuildFile; fileRef = 1F481A60217CA8B200928D2A /* ListViewControllerTests.swift */; };
		1F481A63217CA8F300928D2A /* TestHelper.swift in Sources */ = {isa = PBXBuildFile; fileRef = 1F481A62217CA8F300928D2A /* TestHelper.swift */; };
		1F481A65217CA93400928D2A /* Extensions.swift in Sources */ = {isa = PBXBuildFile; fileRef = 1F481A64217CA93400928D2A /* Extensions.swift */; };
		1F481A67217CAA3D00928D2A /* PhotoListViewModel.swift in Sources */ = {isa = PBXBuildFile; fileRef = 1F481A66217CAA3D00928D2A /* PhotoListViewModel.swift */; };
		1F481A6A217CAE6900928D2A /* TitleHeaderView.swift in Sources */ = {isa = PBXBuildFile; fileRef = 1F481A69217CAE6900928D2A /* TitleHeaderView.swift */; };
		1F481A6E217CAF7A00928D2A /* DetailViewController.swift in Sources */ = {isa = PBXBuildFile; fileRef = 1F481A6C217CAF7A00928D2A /* DetailViewController.swift */; };
		1F481A6F217CAF7A00928D2A /* DetailViewController.xib in Resources */ = {isa = PBXBuildFile; fileRef = 1F481A6D217CAF7A00928D2A /* DetailViewController.xib */; };
		1F481A71217CAFB000928D2A /* TextCollectionViewCell.swift in Sources */ = {isa = PBXBuildFile; fileRef = 1F481A70217CAFB000928D2A /* TextCollectionViewCell.swift */; };
		1F481A73217CAFF700928D2A /* DetailViewControllerTests.swift in Sources */ = {isa = PBXBuildFile; fileRef = 1F481A72217CAFF700928D2A /* DetailViewControllerTests.swift */; };
		1F481A75217CB39D00928D2A /* PhotoViewModel.swift in Sources */ = {isa = PBXBuildFile; fileRef = 1F481A74217CB39D00928D2A /* PhotoViewModel.swift */; };
/* End PBXBuildFile section */

/* Begin PBXContainerItemProxy section */
		1F481A3C217CA2FD00928D2A /* PBXContainerItemProxy */ = {
			isa = PBXContainerItemProxy;
			containerPortal = 1F481A1F217CA2FC00928D2A /* Project object */;
			proxyType = 1;
			remoteGlobalIDString = 1F481A26217CA2FC00928D2A;
			remoteInfo = PhotoApp;
		};
/* End PBXContainerItemProxy section */

/* Begin PBXFileReference section */
		1F481A27217CA2FC00928D2A /* PhotoApp.app */ = {isa = PBXFileReference; explicitFileType = wrapper.application; includeInIndex = 0; path = PhotoApp.app; sourceTree = BUILT_PRODUCTS_DIR; };
		1F481A2A217CA2FC00928D2A /* AppDelegate.swift */ = {isa = PBXFileReference; lastKnownFileType = sourcecode.swift; path = AppDelegate.swift; sourceTree = "<group>"; };
		1F481A31217CA2FD00928D2A /* Assets.xcassets */ = {isa = PBXFileReference; lastKnownFileType = folder.assetcatalog; path = Assets.xcassets; sourceTree = "<group>"; };
		1F481A34217CA2FD00928D2A /* Base */ = {isa = PBXFileReference; lastKnownFileType = file.storyboard; name = Base; path = Base.lproj/LaunchScreen.storyboard; sourceTree = "<group>"; };
		1F481A36217CA2FD00928D2A /* Info.plist */ = {isa = PBXFileReference; lastKnownFileType = text.plist.xml; path = Info.plist; sourceTree = "<group>"; };
		1F481A3B217CA2FD00928D2A /* PhotoAppTests.xctest */ = {isa = PBXFileReference; explicitFileType = wrapper.cfbundle; includeInIndex = 0; path = PhotoAppTests.xctest; sourceTree = BUILT_PRODUCTS_DIR; };
		1F481A41217CA2FD00928D2A /* Info.plist */ = {isa = PBXFileReference; lastKnownFileType = text.plist.xml; path = Info.plist; sourceTree = "<group>"; };
		1F481A4B217CA46500928D2A /* FBSnapshotTestCase.framework */ = {isa = PBXFileReference; explicitFileType = wrapper.framework; path = FBSnapshotTestCase.framework; sourceTree = BUILT_PRODUCTS_DIR; };
		1F481A4D217CA47100928D2A /* FBSnapshotTestCase.framework */ = {isa = PBXFileReference; explicitFileType = wrapper.framework; path = FBSnapshotTestCase.framework; sourceTree = BUILT_PRODUCTS_DIR; };
		1F481A4F217CA61B00928D2A /* AppEngine.swift */ = {isa = PBXFileReference; lastKnownFileType = sourcecode.swift; path = AppEngine.swift; sourceTree = "<group>"; };
		1F481A51217CA66900928D2A /* ListViewController.swift */ = {isa = PBXFileReference; lastKnownFileType = sourcecode.swift; path = ListViewController.swift; sourceTree = "<group>"; };
		1F481A52217CA66900928D2A /* ListViewController.xib */ = {isa = PBXFileReference; lastKnownFileType = file.xib; path = ListViewController.xib; sourceTree = "<group>"; };
		1F481A57217CA6EC00928D2A /* ImageCollectionViewCell.swift */ = {isa = PBXFileReference; lastKnownFileType = sourcecode.swift; path = ImageCollectionViewCell.swift; sourceTree = "<group>"; };
		1F481A60217CA8B200928D2A /* ListViewControllerTests.swift */ = {isa = PBXFileReference; lastKnownFileType = sourcecode.swift; path = ListViewControllerTests.swift; sourceTree = "<group>"; };
		1F481A62217CA8F300928D2A /* TestHelper.swift */ = {isa = PBXFileReference; lastKnownFileType = sourcecode.swift; path = TestHelper.swift; sourceTree = "<group>"; };
		1F481A64217CA93400928D2A /* Extensions.swift */ = {isa = PBXFileReference; lastKnownFileType = sourcecode.swift; path = Extensions.swift; sourceTree = "<group>"; };
		1F481A66217CAA3D00928D2A /* PhotoListViewModel.swift */ = {isa = PBXFileReference; lastKnownFileType = sourcecode.swift; path = PhotoListViewModel.swift; sourceTree = "<group>"; };
		1F481A69217CAE6900928D2A /* TitleHeaderView.swift */ = {isa = PBXFileReference; lastKnownFileType = sourcecode.swift; path = TitleHeaderView.swift; sourceTree = "<group>"; };
		1F481A6C217CAF7A00928D2A /* DetailViewController.swift */ = {isa = PBXFileReference; lastKnownFileType = sourcecode.swift; path = DetailViewController.swift; sourceTree = "<group>"; };
		1F481A6D217CAF7A00928D2A /* DetailViewController.xib */ = {isa = PBXFileReference; lastKnownFileType = file.xib; path = DetailViewController.xib; sourceTree = "<group>"; };
		1F481A70217CAFB000928D2A /* TextCollectionViewCell.swift */ = {isa = PBXFileReference; lastKnownFileType = sourcecode.swift; path = TextCollectionViewCell.swift; sourceTree = "<group>"; };
		1F481A72217CAFF700928D2A /* DetailViewControllerTests.swift */ = {isa = PBXFileReference; lastKnownFileType = sourcecode.swift; path = DetailViewControllerTests.swift; sourceTree = "<group>"; };
		1F481A74217CB39D00928D2A /* PhotoViewModel.swift */ = {isa = PBXFileReference; lastKnownFileType = sourcecode.swift; path = PhotoViewModel.swift; sourceTree = "<group>"; };
/* End PBXFileReference section */

/* Begin PBXFrameworksBuildPhase section */
		1F481A24217CA2FC00928D2A /* Frameworks */ = {
			isa = PBXFrameworksBuildPhase;
			buildActionMask = 2147483647;
			files = (
			);
			runOnlyForDeploymentPostprocessing = 0;
		};
		1F481A38217CA2FD00928D2A /* Frameworks */ = {
			isa = PBXFrameworksBuildPhase;
			buildActionMask = 2147483647;
			files = (
				1F481A4E217CA47100928D2A /* FBSnapshotTestCase.framework in Frameworks */,
			);
			runOnlyForDeploymentPostprocessing = 0;
		};
/* End PBXFrameworksBuildPhase section */

/* Begin PBXGroup section */
		1F481A1E217CA2FC00928D2A = {
			isa = PBXGroup;
			children = (
				1F481A29217CA2FC00928D2A /* PhotoApp */,
				1F481A3E217CA2FD00928D2A /* PhotoAppTests */,
				1F481A28217CA2FC00928D2A /* Products */,
				1F481A4A217CA46500928D2A /* Frameworks */,
			);
			sourceTree = "<group>";
		};
		1F481A28217CA2FC00928D2A /* Products */ = {
			isa = PBXGroup;
			children = (
				1F481A27217CA2FC00928D2A /* PhotoApp.app */,
				1F481A3B217CA2FD00928D2A /* PhotoAppTests.xctest */,
			);
			name = Products;
			sourceTree = "<group>";
		};
		1F481A29217CA2FC00928D2A /* PhotoApp */ = {
			isa = PBXGroup;
			children = (
				1F481A2A217CA2FC00928D2A /* AppDelegate.swift */,
				1F481A4F217CA61B00928D2A /* AppEngine.swift */,
				1F481A6B217CAEDE00928D2A /* Helpers */,
				1F481A55217CA67400928D2A /* UI */,
				1F481A31217CA2FD00928D2A /* Assets.xcassets */,
				1F481A33217CA2FD00928D2A /* LaunchScreen.storyboard */,
				1F481A36217CA2FD00928D2A /* Info.plist */,
			);
			path = PhotoApp;
			sourceTree = "<group>";
		};
		1F481A3E217CA2FD00928D2A /* PhotoAppTests */ = {
			isa = PBXGroup;
			children = (
				1F481A41217CA2FD00928D2A /* Info.plist */,
				1F481A62217CA8F300928D2A /* TestHelper.swift */,
				1F481A60217CA8B200928D2A /* ListViewControllerTests.swift */,
				1F481A72217CAFF700928D2A /* DetailViewControllerTests.swift */,
			);
			path = PhotoAppTests;
			sourceTree = "<group>";
		};
		1F481A4A217CA46500928D2A /* Frameworks */ = {
			isa = PBXGroup;
			children = (
				1F481A4D217CA47100928D2A /* FBSnapshotTestCase.framework */,
				1F481A4B217CA46500928D2A /* FBSnapshotTestCase.framework */,
			);
			name = Frameworks;
			sourceTree = "<group>";
		};
		1F481A55217CA67400928D2A /* UI */ = {
			isa = PBXGroup;
			children = (
				1F481A56217CA6BE00928D2A /* View Controllers */,
				1F481A5B217CA6F700928D2A /* Views */,
				1F481A68217CAA4100928D2A /* View Models */,
			);
			path = UI;
			sourceTree = "<group>";
		};
		1F481A56217CA6BE00928D2A /* View Controllers */ = {
			isa = PBXGroup;
			children = (
				1F481A51217CA66900928D2A /* ListViewController.swift */,
				1F481A52217CA66900928D2A /* ListViewController.xib */,
				1F481A6C217CAF7A00928D2A /* DetailViewController.swift */,
				1F481A6D217CAF7A00928D2A /* DetailViewController.xib */,
			);
			path = "View Controllers";
			sourceTree = "<group>";
		};
		1F481A5B217CA6F700928D2A /* Views */ = {
			isa = PBXGroup;
			children = (
				1F481A57217CA6EC00928D2A /* ImageCollectionViewCell.swift */,
				1F481A69217CAE6900928D2A /* TitleHeaderView.swift */,
				1F481A70217CAFB000928D2A /* TextCollectionViewCell.swift */,
			);
			path = Views;
			sourceTree = "<group>";
		};
		1F481A68217CAA4100928D2A /* View Models */ = {
			isa = PBXGroup;
			children = (
				1F481A66217CAA3D00928D2A /* PhotoListViewModel.swift */,
				1F481A74217CB39D00928D2A /* PhotoViewModel.swift */,
			);
			path = "View Models";
			sourceTree = "<group>";
		};
		1F481A6B217CAEDE00928D2A /* Helpers */ = {
			isa = PBXGroup;
			children = (
				1F481A64217CA93400928D2A /* Extensions.swift */,
			);
			path = Helpers;
			sourceTree = "<group>";
		};
/* End PBXGroup section */

/* Begin PBXNativeTarget section */
		1F481A26217CA2FC00928D2A /* PhotoApp */ = {
			isa = PBXNativeTarget;
			buildConfigurationList = 1F481A44217CA2FD00928D2A /* Build configuration list for PBXNativeTarget "PhotoApp" */;
			buildPhases = (
				1F481A23217CA2FC00928D2A /* Sources */,
				1F481A24217CA2FC00928D2A /* Frameworks */,
				1F481A25217CA2FC00928D2A /* Resources */,
			);
			buildRules = (
			);
			dependencies = (
			);
			name = PhotoApp;
			productName = PhotoApp;
			productReference = 1F481A27217CA2FC00928D2A /* PhotoApp.app */;
			productType = "com.apple.product-type.application";
		};
		1F481A3A217CA2FD00928D2A /* PhotoAppTests */ = {
			isa = PBXNativeTarget;
			buildConfigurationList = 1F481A47217CA2FD00928D2A /* Build configuration list for PBXNativeTarget "PhotoAppTests" */;
			buildPhases = (
				1F481A37217CA2FD00928D2A /* Sources */,
				1F481A38217CA2FD00928D2A /* Frameworks */,
				1F481A39217CA2FD00928D2A /* Resources */,
			);
			buildRules = (
			);
			dependencies = (
				1F481A3D217CA2FD00928D2A /* PBXTargetDependency */,
			);
			name = PhotoAppTests;
			productName = PhotoAppTests;
			productReference = 1F481A3B217CA2FD00928D2A /* PhotoAppTests.xctest */;
			productType = "com.apple.product-type.bundle.unit-test";
		};
/* End PBXNativeTarget section */

/* Begin PBXProject section */
		1F481A1F217CA2FC00928D2A /* Project object */ = {
			isa = PBXProject;
			attributes = {
				LastSwiftUpdateCheck = 1000;
				LastUpgradeCheck = 1000;
				ORGANIZATIONNAME = "Sidharth Juyal";
				TargetAttributes = {
					1F481A26217CA2FC00928D2A = {
						CreatedOnToolsVersion = 10.0;
					};
					1F481A3A217CA2FD00928D2A = {
						CreatedOnToolsVersion = 10.0;
						TestTargetID = 1F481A26217CA2FC00928D2A;
					};
				};
			};
			buildConfigurationList = 1F481A22217CA2FC00928D2A /* Build configuration list for PBXProject "PhotoApp" */;
			compatibilityVersion = "Xcode 9.3";
			developmentRegion = en;
			hasScannedForEncodings = 0;
			knownRegions = (
				en,
				Base,
			);
			mainGroup = 1F481A1E217CA2FC00928D2A;
			productRefGroup = 1F481A28217CA2FC00928D2A /* Products */;
			projectDirPath = "";
			projectRoot = "";
			targets = (
				1F481A26217CA2FC00928D2A /* PhotoApp */,
				1F481A3A217CA2FD00928D2A /* PhotoAppTests */,
			);
		};
/* End PBXProject section */

/* Begin PBXResourcesBuildPhase section */
		1F481A25217CA2FC00928D2A /* Resources */ = {
			isa = PBXResourcesBuildPhase;
			buildActionMask = 2147483647;
			files = (
				1F481A35217CA2FD00928D2A /* LaunchScreen.storyboard in Resources */,
				1F481A32217CA2FD00928D2A /* Assets.xcassets in Resources */,
				1F481A54217CA66900928D2A /* ListViewController.xib in Resources */,
				1F481A6F217CAF7A00928D2A /* DetailViewController.xib in Resources */,
			);
			runOnlyForDeploymentPostprocessing = 0;
		};
		1F481A39217CA2FD00928D2A /* Resources */ = {
			isa = PBXResourcesBuildPhase;
			buildActionMask = 2147483647;
			files = (
			);
			runOnlyForDeploymentPostprocessing = 0;
		};
/* End PBXResourcesBuildPhase section */

/* Begin PBXSourcesBuildPhase section */
		1F481A23217CA2FC00928D2A /* Sources */ = {
			isa = PBXSourcesBuildPhase;
			buildActionMask = 2147483647;
			files = (
				1F481A65217CA93400928D2A /* Extensions.swift in Sources */,
				1F481A2B217CA2FC00928D2A /* AppDelegate.swift in Sources */,
				1F481A6A217CAE6900928D2A /* TitleHeaderView.swift in Sources */,
				1F481A50217CA61B00928D2A /* AppEngine.swift in Sources */,
				1F481A59217CA6EC00928D2A /* ImageCollectionViewCell.swift in Sources */,
				1F481A53217CA66900928D2A /* ListViewController.swift in Sources */,
				1F481A67217CAA3D00928D2A /* PhotoListViewModel.swift in Sources */,
				1F481A71217CAFB000928D2A /* TextCollectionViewCell.swift in Sources */,
				1F481A6E217CAF7A00928D2A /* DetailViewController.swift in Sources */,
				1F481A75217CB39D00928D2A /* PhotoViewModel.swift in Sources */,
			);
			runOnlyForDeploymentPostprocessing = 0;
		};
		1F481A37217CA2FD00928D2A /* Sources */ = {
			isa = PBXSourcesBuildPhase;
			buildActionMask = 2147483647;
			files = (
				1F481A61217CA8B200928D2A /* ListViewControllerTests.swift in Sources */,
				1F481A63217CA8F300928D2A /* TestHelper.swift in Sources */,
				1F481A73217CAFF700928D2A /* DetailViewControllerTests.swift in Sources */,
			);
			runOnlyForDeploymentPostprocessing = 0;
		};
/* End PBXSourcesBuildPhase section */

/* Begin PBXTargetDependency section */
		1F481A3D217CA2FD00928D2A /* PBXTargetDependency */ = {
			isa = PBXTargetDependency;
			target = 1F481A26217CA2FC00928D2A /* PhotoApp */;
			targetProxy = 1F481A3C217CA2FD00928D2A /* PBXContainerItemProxy */;
		};
/* End PBXTargetDependency section */

/* Begin PBXVariantGroup section */
		1F481A33217CA2FD00928D2A /* LaunchScreen.storyboard */ = {
			isa = PBXVariantGroup;
			children = (
				1F481A34217CA2FD00928D2A /* Base */,
			);
			name = LaunchScreen.storyboard;
			sourceTree = "<group>";
		};
/* End PBXVariantGroup section */

/* Begin XCBuildConfiguration section */
		1F481A42217CA2FD00928D2A /* Debug */ = {
			isa = XCBuildConfiguration;
			buildSettings = {
				ALWAYS_SEARCH_USER_PATHS = NO;
				CLANG_ANALYZER_NONNULL = YES;
				CLANG_ANALYZER_NUMBER_OBJECT_CONVERSION = YES_AGGRESSIVE;
				CLANG_CXX_LANGUAGE_STANDARD = "gnu++14";
				CLANG_CXX_LIBRARY = "libc++";
				CLANG_ENABLE_MODULES = YES;
				CLANG_ENABLE_OBJC_ARC = YES;
				CLANG_ENABLE_OBJC_WEAK = YES;
				CLANG_WARN_BLOCK_CAPTURE_AUTORELEASING = YES;
				CLANG_WARN_BOOL_CONVERSION = YES;
				CLANG_WARN_COMMA = YES;
				CLANG_WARN_CONSTANT_CONVERSION = YES;
				CLANG_WARN_DEPRECATED_OBJC_IMPLEMENTATIONS = YES;
				CLANG_WARN_DIRECT_OBJC_ISA_USAGE = YES_ERROR;
				CLANG_WARN_DOCUMENTATION_COMMENTS = YES;
				CLANG_WARN_EMPTY_BODY = YES;
				CLANG_WARN_ENUM_CONVERSION = YES;
				CLANG_WARN_INFINITE_RECURSION = YES;
				CLANG_WARN_INT_CONVERSION = YES;
				CLANG_WARN_NON_LITERAL_NULL_CONVERSION = YES;
				CLANG_WARN_OBJC_IMPLICIT_RETAIN_SELF = YES;
				CLANG_WARN_OBJC_LITERAL_CONVERSION = YES;
				CLANG_WARN_OBJC_ROOT_CLASS = YES_ERROR;
				CLANG_WARN_RANGE_LOOP_ANALYSIS = YES;
				CLANG_WARN_STRICT_PROTOTYPES = YES;
				CLANG_WARN_SUSPICIOUS_MOVE = YES;
				CLANG_WARN_UNGUARDED_AVAILABILITY = YES_AGGRESSIVE;
				CLANG_WARN_UNREACHABLE_CODE = YES;
				CLANG_WARN__DUPLICATE_METHOD_MATCH = YES;
				CODE_SIGN_IDENTITY = "iPhone Developer";
				COPY_PHASE_STRIP = NO;
				DEBUG_INFORMATION_FORMAT = dwarf;
				ENABLE_STRICT_OBJC_MSGSEND = YES;
				ENABLE_TESTABILITY = YES;
				GCC_C_LANGUAGE_STANDARD = gnu11;
				GCC_DYNAMIC_NO_PIC = NO;
				GCC_NO_COMMON_BLOCKS = YES;
				GCC_OPTIMIZATION_LEVEL = 0;
				GCC_PREPROCESSOR_DEFINITIONS = (
					"DEBUG=1",
					"$(inherited)",
				);
				GCC_WARN_64_TO_32_BIT_CONVERSION = YES;
				GCC_WARN_ABOUT_RETURN_TYPE = YES_ERROR;
				GCC_WARN_UNDECLARED_SELECTOR = YES;
				GCC_WARN_UNINITIALIZED_AUTOS = YES_AGGRESSIVE;
				GCC_WARN_UNUSED_FUNCTION = YES;
				GCC_WARN_UNUSED_VARIABLE = YES;
				IPHONEOS_DEPLOYMENT_TARGET = 12.0;
				MTL_ENABLE_DEBUG_INFO = INCLUDE_SOURCE;
				MTL_FAST_MATH = YES;
				ONLY_ACTIVE_ARCH = YES;
				SDKROOT = iphoneos;
				SWIFT_ACTIVE_COMPILATION_CONDITIONS = DEBUG;
				SWIFT_OPTIMIZATION_LEVEL = "-Onone";
			};
			name = Debug;
		};
		1F481A43217CA2FD00928D2A /* Release */ = {
			isa = XCBuildConfiguration;
			buildSettings = {
				ALWAYS_SEARCH_USER_PATHS = NO;
				CLANG_ANALYZER_NONNULL = YES;
				CLANG_ANALYZER_NUMBER_OBJECT_CONVERSION = YES_AGGRESSIVE;
				CLANG_CXX_LANGUAGE_STANDARD = "gnu++14";
				CLANG_CXX_LIBRARY = "libc++";
				CLANG_ENABLE_MODULES = YES;
				CLANG_ENABLE_OBJC_ARC = YES;
				CLANG_ENABLE_OBJC_WEAK = YES;
				CLANG_WARN_BLOCK_CAPTURE_AUTORELEASING = YES;
				CLANG_WARN_BOOL_CONVERSION = YES;
				CLANG_WARN_COMMA = YES;
				CLANG_WARN_CONSTANT_CONVERSION = YES;
				CLANG_WARN_DEPRECATED_OBJC_IMPLEMENTATIONS = YES;
				CLANG_WARN_DIRECT_OBJC_ISA_USAGE = YES_ERROR;
				CLANG_WARN_DOCUMENTATION_COMMENTS = YES;
				CLANG_WARN_EMPTY_BODY = YES;
				CLANG_WARN_ENUM_CONVERSION = YES;
				CLANG_WARN_INFINITE_RECURSION = YES;
				CLANG_WARN_INT_CONVERSION = YES;
				CLANG_WARN_NON_LITERAL_NULL_CONVERSION = YES;
				CLANG_WARN_OBJC_IMPLICIT_RETAIN_SELF = YES;
				CLANG_WARN_OBJC_LITERAL_CONVERSION = YES;
				CLANG_WARN_OBJC_ROOT_CLASS = YES_ERROR;
				CLANG_WARN_RANGE_LOOP_ANALYSIS = YES;
				CLANG_WARN_STRICT_PROTOTYPES = YES;
				CLANG_WARN_SUSPICIOUS_MOVE = YES;
				CLANG_WARN_UNGUARDED_AVAILABILITY = YES_AGGRESSIVE;
				CLANG_WARN_UNREACHABLE_CODE = YES;
				CLANG_WARN__DUPLICATE_METHOD_MATCH = YES;
				CODE_SIGN_IDENTITY = "iPhone Developer";
				COPY_PHASE_STRIP = NO;
				DEBUG_INFORMATION_FORMAT = "dwarf-with-dsym";
				ENABLE_NS_ASSERTIONS = NO;
				ENABLE_STRICT_OBJC_MSGSEND = YES;
				GCC_C_LANGUAGE_STANDARD = gnu11;
				GCC_NO_COMMON_BLOCKS = YES;
				GCC_WARN_64_TO_32_BIT_CONVERSION = YES;
				GCC_WARN_ABOUT_RETURN_TYPE = YES_ERROR;
				GCC_WARN_UNDECLARED_SELECTOR = YES;
				GCC_WARN_UNINITIALIZED_AUTOS = YES_AGGRESSIVE;
				GCC_WARN_UNUSED_FUNCTION = YES;
				GCC_WARN_UNUSED_VARIABLE = YES;
				IPHONEOS_DEPLOYMENT_TARGET = 12.0;
				MTL_ENABLE_DEBUG_INFO = NO;
				MTL_FAST_MATH = YES;
				SDKROOT = iphoneos;
				SWIFT_COMPILATION_MODE = wholemodule;
				SWIFT_OPTIMIZATION_LEVEL = "-O";
				VALIDATE_PRODUCT = YES;
			};
			name = Release;
		};
		1F481A45217CA2FD00928D2A /* Debug */ = {
			isa = XCBuildConfiguration;
			buildSettings = {
				ASSETCATALOG_COMPILER_APPICON_NAME = AppIcon;
				CODE_SIGN_STYLE = Automatic;
				DEVELOPMENT_TEAM = FAAALUHC5H;
				INFOPLIST_FILE = PhotoApp/Info.plist;
				LD_RUNPATH_SEARCH_PATHS = (
					"$(inherited)",
					"@executable_path/Frameworks",
				);
				PRODUCT_BUNDLE_IDENTIFIER = com.whackylabs.demo.PhotoApp;
				PRODUCT_NAME = "$(TARGET_NAME)";
				SWIFT_VERSION = 4.2;
				TARGETED_DEVICE_FAMILY = "1,2";
			};
			name = Debug;
		};
		1F481A46217CA2FD00928D2A /* Release */ = {
			isa = XCBuildConfiguration;
			buildSettings = {
				ASSETCATALOG_COMPILER_APPICON_NAME = AppIcon;
				CODE_SIGN_STYLE = Automatic;
				DEVELOPMENT_TEAM = FAAALUHC5H;
				INFOPLIST_FILE = PhotoApp/Info.plist;
				LD_RUNPATH_SEARCH_PATHS = (
					"$(inherited)",
					"@executable_path/Frameworks",
				);
				PRODUCT_BUNDLE_IDENTIFIER = com.whackylabs.demo.PhotoApp;
				PRODUCT_NAME = "$(TARGET_NAME)";
				SWIFT_VERSION = 4.2;
				TARGETED_DEVICE_FAMILY = "1,2";
			};
			name = Release;
		};
		1F481A48217CA2FD00928D2A /* Debug */ = {
			isa = XCBuildConfiguration;
			buildSettings = {
				ALWAYS_EMBED_SWIFT_STANDARD_LIBRARIES = YES;
				BUNDLE_LOADER = "$(TEST_HOST)";
				CODE_SIGN_STYLE = Automatic;
				DEVELOPMENT_TEAM = FAAALUHC5H;
				INFOPLIST_FILE = PhotoAppTests/Info.plist;
				LD_RUNPATH_SEARCH_PATHS = (
					"$(inherited)",
					"@executable_path/Frameworks",
					"@loader_path/Frameworks",
				);
				PRODUCT_BUNDLE_IDENTIFIER = com.whackylabs.demo.PhotoAppTests;
				PRODUCT_NAME = "$(TARGET_NAME)";
				SWIFT_VERSION = 4.2;
				TARGETED_DEVICE_FAMILY = "1,2";
				TEST_HOST = "$(BUILT_PRODUCTS_DIR)/PhotoApp.app/PhotoApp";
			};
			name = Debug;
		};
		1F481A49217CA2FD00928D2A /* Release */ = {
			isa = XCBuildConfiguration;
			buildSettings = {
				ALWAYS_EMBED_SWIFT_STANDARD_LIBRARIES = YES;
				BUNDLE_LOADER = "$(TEST_HOST)";
				CODE_SIGN_STYLE = Automatic;
				DEVELOPMENT_TEAM = FAAALUHC5H;
				INFOPLIST_FILE = PhotoAppTests/Info.plist;
				LD_RUNPATH_SEARCH_PATHS = (
					"$(inherited)",
					"@executable_path/Frameworks",
					"@loader_path/Frameworks",
				);
				PRODUCT_BUNDLE_IDENTIFIER = com.whackylabs.demo.PhotoAppTests;
				PRODUCT_NAME = "$(TARGET_NAME)";
				SWIFT_VERSION = 4.2;
				TARGETED_DEVICE_FAMILY = "1,2";
				TEST_HOST = "$(BUILT_PRODUCTS_DIR)/PhotoApp.app/PhotoApp";
			};
			name = Release;
		};
/* End XCBuildConfiguration section */

/* Begin XCConfigurationList section */
		1F481A22217CA2FC00928D2A /* Build configuration list for PBXProject "PhotoApp" */ = {
			isa = XCConfigurationList;
			buildConfigurations = (
				1F481A42217CA2FD00928D2A /* Debug */,
				1F481A43217CA2FD00928D2A /* Release */,
			);
			defaultConfigurationIsVisible = 0;
			defaultConfigurationName = Release;
		};
		1F481A44217CA2FD00928D2A /* Build configuration list for PBXNativeTarget "PhotoApp" */ = {
			isa = XCConfigurationList;
			buildConfigurations = (
				1F481A45217CA2FD00928D2A /* Debug */,
				1F481A46217CA2FD00928D2A /* Release */,
			);
			defaultConfigurationIsVisible = 0;
			defaultConfigurationName = Release;
		};
		1F481A47217CA2FD00928D2A /* Build configuration list for PBXNativeTarget "PhotoAppTests" */ = {
			isa = XCConfigurationList;
			buildConfigurations = (
				1F481A48217CA2FD00928D2A /* Debug */,
				1F481A49217CA2FD00928D2A /* Release */,
			);
			defaultConfigurationIsVisible = 0;
			defaultConfigurationName = Release;
		};
/* End XCConfigurationList section */
	};
	rootObject = 1F481A1F217CA2FC00928D2A /* Project object */;
}
